// !$*UTF8*$!
{
	archiveVersion = 1;
	classes = {
	};
	objectVersion = 56;
	objects = {

/* Begin PBXBuildFile section */
		FB55A6912C83195B00ACDEDA /* Assets.xcassets in Resources */ = {isa = PBXBuildFile; fileRef = FB55A6902C83195B00ACDEDA /* Assets.xcassets */; };
		FB55A6942C83195B00ACDEDA /* Preview Assets.xcassets in Resources */ = {isa = PBXBuildFile; fileRef = FB55A6932C83195B00ACDEDA /* Preview Assets.xcassets */; };
		FB55A6962C83195B00ACDEDA /* Persistence.swift in Sources */ = {isa = PBXBuildFile; fileRef = FB55A6952C83195B00ACDEDA /* Persistence.swift */; };
		FB55A6992C83195B00ACDEDA /* Gutify.xcdatamodeld in Sources */ = {isa = PBXBuildFile; fileRef = FB55A6972C83195B00ACDEDA /* Gutify.xcdatamodeld */; };
		FB55A6A32C83195C00ACDEDA /* GutifyTests.swift in Sources */ = {isa = PBXBuildFile; fileRef = FB55A6A22C83195C00ACDEDA /* GutifyTests.swift */; };
		FB55A6AD2C83195C00ACDEDA /* GutifyUITests.swift in Sources */ = {isa = PBXBuildFile; fileRef = FB55A6AC2C83195C00ACDEDA /* GutifyUITests.swift */; };
		FB55A6AF2C83195C00ACDEDA /* GutifyUITestsLaunchTests.swift in Sources */ = {isa = PBXBuildFile; fileRef = FB55A6AE2C83195C00ACDEDA /* GutifyUITestsLaunchTests.swift */; };
		FB55A6DF2C831ADE00ACDEDA /* BaseAppApp.swift in Sources */ = {isa = PBXBuildFile; fileRef = FB55A6BF2C831ADE00ACDEDA /* BaseAppApp.swift */; };
		FB55A6E02C831ADE00ACDEDA /* HomeViewModel.swift in Sources */ = {isa = PBXBuildFile; fileRef = FB55A6C32C831ADE00ACDEDA /* HomeViewModel.swift */; };
		FB55A6E12C831ADE00ACDEDA /* HomeView.swift in Sources */ = {isa = PBXBuildFile; fileRef = FB55A6C42C831ADE00ACDEDA /* HomeView.swift */; };
		FB55A6E22C831ADE00ACDEDA /* HomeAssembler.swift in Sources */ = {isa = PBXBuildFile; fileRef = FB55A6C52C831ADE00ACDEDA /* HomeAssembler.swift */; };
		FB55A6E32C831ADE00ACDEDA /* SplashViewModel.swift in Sources */ = {isa = PBXBuildFile; fileRef = FB55A6C72C831ADE00ACDEDA /* SplashViewModel.swift */; };
		FB55A6E42C831ADE00ACDEDA /* SplashView.swift in Sources */ = {isa = PBXBuildFile; fileRef = FB55A6C82C831ADE00ACDEDA /* SplashView.swift */; };
		FB55A6E52C831ADE00ACDEDA /* SplashAssembler.swift in Sources */ = {isa = PBXBuildFile; fileRef = FB55A6C92C831ADE00ACDEDA /* SplashAssembler.swift */; };
		FB55A6E92C831ADE00ACDEDA /* CancelBag.swift in Sources */ = {isa = PBXBuildFile; fileRef = FB55A6D02C831ADE00ACDEDA /* CancelBag.swift */; };
		FB55A6EA2C831ADE00ACDEDA /* ErrorTracker.swift in Sources */ = {isa = PBXBuildFile; fileRef = FB55A6D12C831ADE00ACDEDA /* ErrorTracker.swift */; };
		FB55A6EB2C831ADE00ACDEDA /* Driver.swift in Sources */ = {isa = PBXBuildFile; fileRef = FB55A6D22C831ADE00ACDEDA /* Driver.swift */; };
		FB55A6EC2C831ADE00ACDEDA /* ActivityTracker.swift in Sources */ = {isa = PBXBuildFile; fileRef = FB55A6D32C831ADE00ACDEDA /* ActivityTracker.swift */; };
		FB55A6ED2C831ADE00ACDEDA /* Observable.swift in Sources */ = {isa = PBXBuildFile; fileRef = FB55A6D42C831ADE00ACDEDA /* Observable.swift */; };
		FB55A6EE2C831ADE00ACDEDA /* RootView.swift in Sources */ = {isa = PBXBuildFile; fileRef = FB55A6D62C831ADE00ACDEDA /* RootView.swift */; };
		FB55A6EF2C831ADE00ACDEDA /* NavigationCoordinator.swift in Sources */ = {isa = PBXBuildFile; fileRef = FB55A6D72C831ADE00ACDEDA /* NavigationCoordinator.swift */; };
		FB55A6F02C831ADE00ACDEDA /* Route.swift in Sources */ = {isa = PBXBuildFile; fileRef = FB55A6D82C831ADE00ACDEDA /* Route.swift */; };
		FB55A6F12C831ADE00ACDEDA /* BaseViewModel.swift in Sources */ = {isa = PBXBuildFile; fileRef = FB55A6DA2C831ADE00ACDEDA /* BaseViewModel.swift */; };
		FB55A6F22C831ADE00ACDEDA /* BaseMapper.swift in Sources */ = {isa = PBXBuildFile; fileRef = FB55A6DB2C831ADE00ACDEDA /* BaseMapper.swift */; };
		FB55A6F32C831ADE00ACDEDA /* BaseView.swift in Sources */ = {isa = PBXBuildFile; fileRef = FB55A6DC2C831ADE00ACDEDA /* BaseView.swift */; };
		FB55A6F62C831DEA00ACDEDA /* UseCase.swift in Sources */ = {isa = PBXBuildFile; fileRef = FB55A6F52C831DEA00ACDEDA /* UseCase.swift */; };
		FB55A6FA2C8327E600ACDEDA /* PKCECodes.swift in Sources */ = {isa = PBXBuildFile; fileRef = FB55A6F92C8327E600ACDEDA /* PKCECodes.swift */; };
		FB55A7192C83334B00ACDEDA /* APIs.swift in Sources */ = {isa = PBXBuildFile; fileRef = FB55A70F2C83334B00ACDEDA /* APIs.swift */; };
		FB55A71A2C83334B00ACDEDA /* CodableHelper.swift in Sources */ = {isa = PBXBuildFile; fileRef = FB55A7102C83334B00ACDEDA /* CodableHelper.swift */; };
		FB55A71B2C83334B00ACDEDA /* APIHelper.swift in Sources */ = {isa = PBXBuildFile; fileRef = FB55A7112C83334B00ACDEDA /* APIHelper.swift */; };
		FB55A71C2C83334B00ACDEDA /* Models.swift in Sources */ = {isa = PBXBuildFile; fileRef = FB55A7122C83334B00ACDEDA /* Models.swift */; };
		FB55A71D2C83334B00ACDEDA /* Extensions.swift in Sources */ = {isa = PBXBuildFile; fileRef = FB55A7132C83334B00ACDEDA /* Extensions.swift */; };
		FB55A71E2C83334B00ACDEDA /* SynchronizedDictionary.swift in Sources */ = {isa = PBXBuildFile; fileRef = FB55A7142C83334B00ACDEDA /* SynchronizedDictionary.swift */; };
		FB55A71F2C83334B00ACDEDA /* JSONDataEncoding.swift in Sources */ = {isa = PBXBuildFile; fileRef = FB55A7152C83334B00ACDEDA /* JSONDataEncoding.swift */; };
		FB55A7202C83334B00ACDEDA /* URLSessionImplementations.swift in Sources */ = {isa = PBXBuildFile; fileRef = FB55A7162C83334B00ACDEDA /* URLSessionImplementations.swift */; };
		FB55A7212C83334B00ACDEDA /* Configuration.swift in Sources */ = {isa = PBXBuildFile; fileRef = FB55A7172C83334B00ACDEDA /* Configuration.swift */; };
		FB55A7222C83334B00ACDEDA /* OpenISO8601DateFormatter.swift in Sources */ = {isa = PBXBuildFile; fileRef = FB55A7182C83334B00ACDEDA /* OpenISO8601DateFormatter.swift */; };
		FB55A7242C83335E00ACDEDA /* JSONEncodingHelper.swift in Sources */ = {isa = PBXBuildFile; fileRef = FB55A7232C83335E00ACDEDA /* JSONEncodingHelper.swift */; };
		FB55A7262C8333B000ACDEDA /* NetworkLogger.swift in Sources */ = {isa = PBXBuildFile; fileRef = FB55A7252C8333B000ACDEDA /* NetworkLogger.swift */; };
		FB55A7292C8333EE00ACDEDA /* AuthAPI.swift in Sources */ = {isa = PBXBuildFile; fileRef = FB55A7282C8333EE00ACDEDA /* AuthAPI.swift */; };
		FB55A72B2C83342D00ACDEDA /* GutifyConstants.swift in Sources */ = {isa = PBXBuildFile; fileRef = FB55A72A2C83342D00ACDEDA /* GutifyConstants.swift */; };
		FB55A7352C83383900ACDEDA /* BaseRepository.swift in Sources */ = {isa = PBXBuildFile; fileRef = FB55A7342C83383900ACDEDA /* BaseRepository.swift */; };
		FB55A7382C83392100ACDEDA /* KeychainSwift in Frameworks */ = {isa = PBXBuildFile; productRef = FB55A7372C83392100ACDEDA /* KeychainSwift */; };
		FB55A73A2C83398C00ACDEDA /* LoginRepository.swift in Sources */ = {isa = PBXBuildFile; fileRef = FB55A7392C83398C00ACDEDA /* LoginRepository.swift */; };
		FB55A73C2C83460C00ACDEDA /* RefreshTokenResponseDTO.swift in Sources */ = {isa = PBXBuildFile; fileRef = FB55A73B2C83460C00ACDEDA /* RefreshTokenResponseDTO.swift */; };
		FB55A7402C8347AC00ACDEDA /* Token.swift in Sources */ = {isa = PBXBuildFile; fileRef = FB55A73F2C8347AC00ACDEDA /* Token.swift */; };
		FB55A7422C8347E600ACDEDA /* TokenMapper.swift in Sources */ = {isa = PBXBuildFile; fileRef = FB55A7412C8347E600ACDEDA /* TokenMapper.swift */; };
		FB55A7462C83538500ACDEDA /* LoginDomainAssembler.swift in Sources */ = {isa = PBXBuildFile; fileRef = FB55A7452C83538500ACDEDA /* LoginDomainAssembler.swift */; };
		FB55A7482C8354D700ACDEDA /* LoginDataAssembler.swift in Sources */ = {isa = PBXBuildFile; fileRef = FB55A7472C8354D700ACDEDA /* LoginDataAssembler.swift */; };
		FB55A74A2C83550E00ACDEDA /* CheckLogedUserUseCase.swift in Sources */ = {isa = PBXBuildFile; fileRef = FB55A7492C83550E00ACDEDA /* CheckLogedUserUseCase.swift */; };
		FB55A74C2C836FF400ACDEDA /* GetUserAuthorizationUseCase.swift in Sources */ = {isa = PBXBuildFile; fileRef = FB55A74B2C836FF400ACDEDA /* GetUserAuthorizationUseCase.swift */; };
		FB55A74E2C83726400ACDEDA /* UserAuthorization.swift in Sources */ = {isa = PBXBuildFile; fileRef = FB55A74D2C83726400ACDEDA /* UserAuthorization.swift */; };
		FB55A7512C83799A00ACDEDA /* WebView.swift in Sources */ = {isa = PBXBuildFile; fileRef = FB55A7502C83799A00ACDEDA /* WebView.swift */; };
		FB55A7532C8465E400ACDEDA /* GetTokenUseCase.swift in Sources */ = {isa = PBXBuildFile; fileRef = FB55A7522C8465E400ACDEDA /* GetTokenUseCase.swift */; };
		FB55A7582C8481B200ACDEDA /* TabBarView.swift in Sources */ = {isa = PBXBuildFile; fileRef = FB55A7572C8481B200ACDEDA /* TabBarView.swift */; };
		FB55A75A2C84875000ACDEDA /* TabBarAssembler.swift in Sources */ = {isa = PBXBuildFile; fileRef = FB55A7592C84875000ACDEDA /* TabBarAssembler.swift */; };
		FB55A75C2C84936D00ACDEDA /* LoaderView.swift in Sources */ = {isa = PBXBuildFile; fileRef = FB55A75B2C84936D00ACDEDA /* LoaderView.swift */; };
		FB55A75E2C84A42300ACDEDA /* Localizable.xcstrings in Resources */ = {isa = PBXBuildFile; fileRef = FB55A75D2C84A42300ACDEDA /* Localizable.xcstrings */; };
		FB55A7602C84A7C000ACDEDA /* MusicAPI.swift in Sources */ = {isa = PBXBuildFile; fileRef = FB55A75F2C84A7C000ACDEDA /* MusicAPI.swift */; };
		FB55A76C2C84BF0200ACDEDA /* ArtistObjectDTO.swift in Sources */ = {isa = PBXBuildFile; fileRef = FB55A7672C84BF0200ACDEDA /* ArtistObjectDTO.swift */; };
		FB55A76D2C84BF0200ACDEDA /* ImageObjectDTO.swift in Sources */ = {isa = PBXBuildFile; fileRef = FB55A7682C84BF0200ACDEDA /* ImageObjectDTO.swift */; };
		FB55A76E2C84BF0200ACDEDA /* PagingTrackObjectDTO.swift in Sources */ = {isa = PBXBuildFile; fileRef = FB55A7692C84BF0200ACDEDA /* PagingTrackObjectDTO.swift */; };
		FB55A76F2C84BF0200ACDEDA /* TrackObjectDTO.swift in Sources */ = {isa = PBXBuildFile; fileRef = FB55A76A2C84BF0200ACDEDA /* TrackObjectDTO.swift */; };
		FB55A7702C84BF0200ACDEDA /* FollowersObjectDTO.swift in Sources */ = {isa = PBXBuildFile; fileRef = FB55A76B2C84BF0200ACDEDA /* FollowersObjectDTO.swift */; };
		FB55A7732C84C01C00ACDEDA /* SimplifiedArtistObjectDTO.swift in Sources */ = {isa = PBXBuildFile; fileRef = FB55A7712C84C01C00ACDEDA /* SimplifiedArtistObjectDTO.swift */; };
		FB55A7742C84C01C00ACDEDA /* SimplifiedAlbumObjectDTO.swift in Sources */ = {isa = PBXBuildFile; fileRef = FB55A7722C84C01C00ACDEDA /* SimplifiedAlbumObjectDTO.swift */; };
		FB55A77B2C84C16E00ACDEDA /* MusicRepository.swift in Sources */ = {isa = PBXBuildFile; fileRef = FB55A77A2C84C16E00ACDEDA /* MusicRepository.swift */; };
		FB55A77D2C84C1C500ACDEDA /* Track.swift in Sources */ = {isa = PBXBuildFile; fileRef = FB55A77C2C84C1C500ACDEDA /* Track.swift */; };
		FB55A77F2C84C23E00ACDEDA /* Artist.swift in Sources */ = {isa = PBXBuildFile; fileRef = FB55A77E2C84C23E00ACDEDA /* Artist.swift */; };
		FB55A7812C84C3F800ACDEDA /* Album.swift in Sources */ = {isa = PBXBuildFile; fileRef = FB55A7802C84C3F800ACDEDA /* Album.swift */; };
		FB55A7832C84C5E100ACDEDA /* TrackMapper.swift in Sources */ = {isa = PBXBuildFile; fileRef = FB55A7822C84C5E100ACDEDA /* TrackMapper.swift */; };
		FB55A7852C84C61F00ACDEDA /* ArtistMapper.swift in Sources */ = {isa = PBXBuildFile; fileRef = FB55A7842C84C61F00ACDEDA /* ArtistMapper.swift */; };
		FB55A7872C84C6D300ACDEDA /* AlbumMapper.swift in Sources */ = {isa = PBXBuildFile; fileRef = FB55A7862C84C6D300ACDEDA /* AlbumMapper.swift */; };
		FB55A7892C84C91A00ACDEDA /* GetUserTopTracksUseCase.swift in Sources */ = {isa = PBXBuildFile; fileRef = FB55A7882C84C91A00ACDEDA /* GetUserTopTracksUseCase.swift */; };
		FB55A78B2C84C93100ACDEDA /* MusicDataAssembler.swift in Sources */ = {isa = PBXBuildFile; fileRef = FB55A78A2C84C93100ACDEDA /* MusicDataAssembler.swift */; };
		FB55A78D2C84C97700ACDEDA /* MusicDomainAssembler.swift in Sources */ = {isa = PBXBuildFile; fileRef = FB55A78C2C84C97700ACDEDA /* MusicDomainAssembler.swift */; };
		FB9FF1182C85AD0700D37985 /* PagingArtistObjectDTO.swift in Sources */ = {isa = PBXBuildFile; fileRef = FB9FF1172C85AD0700D37985 /* PagingArtistObjectDTO.swift */; };
		FB9FF11A2C85AD4E00D37985 /* GetUserTopArtistsUseCase.swift in Sources */ = {isa = PBXBuildFile; fileRef = FB9FF1192C85AD4E00D37985 /* GetUserTopArtistsUseCase.swift */; };
		FB9FF11C2C85C09F00D37985 /* InlineResponse20010DTO.swift in Sources */ = {isa = PBXBuildFile; fileRef = FB9FF11B2C85C09F00D37985 /* InlineResponse20010DTO.swift */; };
		FB9FF11E2C85C0B800D37985 /* PagingSimplifiedAlbumObjectDTO.swift in Sources */ = {isa = PBXBuildFile; fileRef = FB9FF11D2C85C0B800D37985 /* PagingSimplifiedAlbumObjectDTO.swift */; };
		FB9FF1202C85C13F00D37985 /* GetNewReleasesUseCase.swift in Sources */ = {isa = PBXBuildFile; fileRef = FB9FF11F2C85C13F00D37985 /* GetNewReleasesUseCase.swift */; };
		FB9FF1232C85C4B400D37985 /* LibraryAssembler.swift in Sources */ = {isa = PBXBuildFile; fileRef = FB9FF1222C85C4B400D37985 /* LibraryAssembler.swift */; };
		FB9FF1252C85C4BB00D37985 /* LibraryView.swift in Sources */ = {isa = PBXBuildFile; fileRef = FB9FF1242C85C4BB00D37985 /* LibraryView.swift */; };
		FB9FF1272C85C4C500D37985 /* LibraryViewModel.swift in Sources */ = {isa = PBXBuildFile; fileRef = FB9FF1262C85C4C500D37985 /* LibraryViewModel.swift */; };
		FB9FF1292C85CBA900D37985 /* Searchable.swift in Sources */ = {isa = PBXBuildFile; fileRef = FB9FF1282C85CBA900D37985 /* Searchable.swift */; };
		FB9FF1342C85D3E700D37985 /* CursorPagingSimplifiedArtistObjectDTO.swift in Sources */ = {isa = PBXBuildFile; fileRef = FB9FF12A2C85D3E600D37985 /* CursorPagingSimplifiedArtistObjectDTO.swift */; };
		FB9FF1352C85D3E700D37985 /* AlbumObjectDTO.swift in Sources */ = {isa = PBXBuildFile; fileRef = FB9FF12B2C85D3E600D37985 /* AlbumObjectDTO.swift */; };
		FB9FF1362C85D3E700D37985 /* PagingPlaylistObjectDTO.swift in Sources */ = {isa = PBXBuildFile; fileRef = FB9FF12C2C85D3E700D37985 /* PagingPlaylistObjectDTO.swift */; };
		FB9FF1372C85D3E700D37985 /* PagingSavedAlbumObjectDTO.swift in Sources */ = {isa = PBXBuildFile; fileRef = FB9FF12D2C85D3E700D37985 /* PagingSavedAlbumObjectDTO.swift */; };
		FB9FF1382C85D3E700D37985 /* PlaylistTracksRefObjectDTO.swift in Sources */ = {isa = PBXBuildFile; fileRef = FB9FF12E2C85D3E700D37985 /* PlaylistTracksRefObjectDTO.swift */; };
		FB9FF1392C85D3E700D37985 /* SavedAlbumObjectDTO.swift in Sources */ = {isa = PBXBuildFile; fileRef = FB9FF12F2C85D3E700D37985 /* SavedAlbumObjectDTO.swift */; };
		FB9FF13A2C85D3E700D37985 /* SavedTrackObjectDTO.swift in Sources */ = {isa = PBXBuildFile; fileRef = FB9FF1302C85D3E700D37985 /* SavedTrackObjectDTO.swift */; };
		FB9FF13B2C85D3E700D37985 /* SimplifiedPlaylistObjectDTO.swift in Sources */ = {isa = PBXBuildFile; fileRef = FB9FF1312C85D3E700D37985 /* SimplifiedPlaylistObjectDTO.swift */; };
		FB9FF13C2C85D3E700D37985 /* PagingSavedTrackObjectDTO.swift in Sources */ = {isa = PBXBuildFile; fileRef = FB9FF1322C85D3E700D37985 /* PagingSavedTrackObjectDTO.swift */; };
		FB9FF13D2C85D3E700D37985 /* InlineResponse20011DTO.swift in Sources */ = {isa = PBXBuildFile; fileRef = FB9FF1332C85D3E700D37985 /* InlineResponse20011DTO.swift */; };
		FB9FF13F2C85D4F200D37985 /* Playlist.swift in Sources */ = {isa = PBXBuildFile; fileRef = FB9FF13E2C85D4F200D37985 /* Playlist.swift */; };
		FB9FF1412C85D54100D37985 /* PlaylistMapper.swift in Sources */ = {isa = PBXBuildFile; fileRef = FB9FF1402C85D54100D37985 /* PlaylistMapper.swift */; };
		FB9FF1432C85E62700D37985 /* GetLibraryUseCase.swift in Sources */ = {isa = PBXBuildFile; fileRef = FB9FF1422C85E62700D37985 /* GetLibraryUseCase.swift */; };
		FB9FF1452C86FEE700D37985 /* CustomAsyncImage.swift in Sources */ = {isa = PBXBuildFile; fileRef = FB9FF1442C86FEE600D37985 /* CustomAsyncImage.swift */; };
		FBA7F6D92C8729EF00FD4368 /* UsersAPI.swift in Sources */ = {isa = PBXBuildFile; fileRef = FBA7F6D82C8729EF00FD4368 /* UsersAPI.swift */; };
		FBA7F6DE2C872A8200FD4368 /* PrivateUserObjectDTO.swift in Sources */ = {isa = PBXBuildFile; fileRef = FBA7F6DC2C872A8200FD4368 /* PrivateUserObjectDTO.swift */; };
		FBA7F6E42C872AEB00FD4368 /* Profile.swift in Sources */ = {isa = PBXBuildFile; fileRef = FBA7F6E32C872AEB00FD4368 /* Profile.swift */; };
		FBA7F6E62C872BF300FD4368 /* ProfileMapper.swift in Sources */ = {isa = PBXBuildFile; fileRef = FBA7F6E52C872BF300FD4368 /* ProfileMapper.swift */; };
		FBA7F6E82C872CF400FD4368 /* ProfileRepository.swift in Sources */ = {isa = PBXBuildFile; fileRef = FBA7F6E72C872CF400FD4368 /* ProfileRepository.swift */; };
		FBA7F6EA2C872D6300FD4368 /* ProfileDataAssembler.swift in Sources */ = {isa = PBXBuildFile; fileRef = FBA7F6E92C872D6300FD4368 /* ProfileDataAssembler.swift */; };
		FBA7F6EC2C872D8500FD4368 /* GetProfileUseCase.swift in Sources */ = {isa = PBXBuildFile; fileRef = FBA7F6EB2C872D8500FD4368 /* GetProfileUseCase.swift */; };
		FBA7F6EE2C872DAC00FD4368 /* ProfileDomainAssembler.swift in Sources */ = {isa = PBXBuildFile; fileRef = FBA7F6ED2C872DAC00FD4368 /* ProfileDomainAssembler.swift */; };
		FBA7F6F12C872DEC00FD4368 /* ProfileView.swift in Sources */ = {isa = PBXBuildFile; fileRef = FBA7F6F02C872DEC00FD4368 /* ProfileView.swift */; };
		FBA7F6F32C872DF700FD4368 /* ProfileAssembler.swift in Sources */ = {isa = PBXBuildFile; fileRef = FBA7F6F22C872DF700FD4368 /* ProfileAssembler.swift */; };
		FBA7F6F52C872E0300FD4368 /* ProfileViewModel.swift in Sources */ = {isa = PBXBuildFile; fileRef = FBA7F6F42C872E0300FD4368 /* ProfileViewModel.swift */; };
		FBA7F6F72C873A9B00FD4368 /* RemoveTokenUseCase.swift in Sources */ = {isa = PBXBuildFile; fileRef = FBA7F6F62C873A9B00FD4368 /* RemoveTokenUseCase.swift */; };
		FBA7F6FB2C89B06800FD4368 /* View+Utils.swift in Sources */ = {isa = PBXBuildFile; fileRef = FBA7F6FA2C89B06800FD4368 /* View+Utils.swift */; };
/* End PBXBuildFile section */

/* Begin PBXContainerItemProxy section */
		FB55A69F2C83195C00ACDEDA /* PBXContainerItemProxy */ = {
			isa = PBXContainerItemProxy;
			containerPortal = FB55A6812C83195A00ACDEDA /* Project object */;
			proxyType = 1;
			remoteGlobalIDString = FB55A6882C83195A00ACDEDA;
			remoteInfo = Gutify;
		};
		FB55A6A92C83195C00ACDEDA /* PBXContainerItemProxy */ = {
			isa = PBXContainerItemProxy;
			containerPortal = FB55A6812C83195A00ACDEDA /* Project object */;
			proxyType = 1;
			remoteGlobalIDString = FB55A6882C83195A00ACDEDA;
			remoteInfo = Gutify;
		};
/* End PBXContainerItemProxy section */

/* Begin PBXFileReference section */
		FB55A6892C83195A00ACDEDA /* Gutify.app */ = {isa = PBXFileReference; explicitFileType = wrapper.application; includeInIndex = 0; path = Gutify.app; sourceTree = BUILT_PRODUCTS_DIR; };
		FB55A6902C83195B00ACDEDA /* Assets.xcassets */ = {isa = PBXFileReference; lastKnownFileType = folder.assetcatalog; path = Assets.xcassets; sourceTree = "<group>"; };
		FB55A6932C83195B00ACDEDA /* Preview Assets.xcassets */ = {isa = PBXFileReference; lastKnownFileType = folder.assetcatalog; path = "Preview Assets.xcassets"; sourceTree = "<group>"; };
		FB55A6952C83195B00ACDEDA /* Persistence.swift */ = {isa = PBXFileReference; lastKnownFileType = sourcecode.swift; path = Persistence.swift; sourceTree = "<group>"; };
		FB55A6982C83195B00ACDEDA /* Gutify.xcdatamodel */ = {isa = PBXFileReference; lastKnownFileType = wrapper.xcdatamodel; path = Gutify.xcdatamodel; sourceTree = "<group>"; };
		FB55A69E2C83195C00ACDEDA /* GutifyTests.xctest */ = {isa = PBXFileReference; explicitFileType = wrapper.cfbundle; includeInIndex = 0; path = GutifyTests.xctest; sourceTree = BUILT_PRODUCTS_DIR; };
		FB55A6A22C83195C00ACDEDA /* GutifyTests.swift */ = {isa = PBXFileReference; lastKnownFileType = sourcecode.swift; path = GutifyTests.swift; sourceTree = "<group>"; };
		FB55A6A82C83195C00ACDEDA /* GutifyUITests.xctest */ = {isa = PBXFileReference; explicitFileType = wrapper.cfbundle; includeInIndex = 0; path = GutifyUITests.xctest; sourceTree = BUILT_PRODUCTS_DIR; };
		FB55A6AC2C83195C00ACDEDA /* GutifyUITests.swift */ = {isa = PBXFileReference; lastKnownFileType = sourcecode.swift; path = GutifyUITests.swift; sourceTree = "<group>"; };
		FB55A6AE2C83195C00ACDEDA /* GutifyUITestsLaunchTests.swift */ = {isa = PBXFileReference; lastKnownFileType = sourcecode.swift; path = GutifyUITestsLaunchTests.swift; sourceTree = "<group>"; };
		FB55A6BF2C831ADE00ACDEDA /* BaseAppApp.swift */ = {isa = PBXFileReference; fileEncoding = 4; lastKnownFileType = sourcecode.swift; path = BaseAppApp.swift; sourceTree = "<group>"; };
		FB55A6C32C831ADE00ACDEDA /* HomeViewModel.swift */ = {isa = PBXFileReference; fileEncoding = 4; lastKnownFileType = sourcecode.swift; path = HomeViewModel.swift; sourceTree = "<group>"; };
		FB55A6C42C831ADE00ACDEDA /* HomeView.swift */ = {isa = PBXFileReference; fileEncoding = 4; lastKnownFileType = sourcecode.swift; path = HomeView.swift; sourceTree = "<group>"; };
		FB55A6C52C831ADE00ACDEDA /* HomeAssembler.swift */ = {isa = PBXFileReference; fileEncoding = 4; lastKnownFileType = sourcecode.swift; path = HomeAssembler.swift; sourceTree = "<group>"; };
		FB55A6C72C831ADE00ACDEDA /* SplashViewModel.swift */ = {isa = PBXFileReference; fileEncoding = 4; lastKnownFileType = sourcecode.swift; path = SplashViewModel.swift; sourceTree = "<group>"; };
		FB55A6C82C831ADE00ACDEDA /* SplashView.swift */ = {isa = PBXFileReference; fileEncoding = 4; lastKnownFileType = sourcecode.swift; path = SplashView.swift; sourceTree = "<group>"; };
		FB55A6C92C831ADE00ACDEDA /* SplashAssembler.swift */ = {isa = PBXFileReference; fileEncoding = 4; lastKnownFileType = sourcecode.swift; path = SplashAssembler.swift; sourceTree = "<group>"; };
		FB55A6D02C831ADE00ACDEDA /* CancelBag.swift */ = {isa = PBXFileReference; fileEncoding = 4; lastKnownFileType = sourcecode.swift; path = CancelBag.swift; sourceTree = "<group>"; };
		FB55A6D12C831ADE00ACDEDA /* ErrorTracker.swift */ = {isa = PBXFileReference; fileEncoding = 4; lastKnownFileType = sourcecode.swift; path = ErrorTracker.swift; sourceTree = "<group>"; };
		FB55A6D22C831ADE00ACDEDA /* Driver.swift */ = {isa = PBXFileReference; fileEncoding = 4; lastKnownFileType = sourcecode.swift; path = Driver.swift; sourceTree = "<group>"; };
		FB55A6D32C831ADE00ACDEDA /* ActivityTracker.swift */ = {isa = PBXFileReference; fileEncoding = 4; lastKnownFileType = sourcecode.swift; path = ActivityTracker.swift; sourceTree = "<group>"; };
		FB55A6D42C831ADE00ACDEDA /* Observable.swift */ = {isa = PBXFileReference; fileEncoding = 4; lastKnownFileType = sourcecode.swift; path = Observable.swift; sourceTree = "<group>"; };
		FB55A6D62C831ADE00ACDEDA /* RootView.swift */ = {isa = PBXFileReference; fileEncoding = 4; lastKnownFileType = sourcecode.swift; path = RootView.swift; sourceTree = "<group>"; };
		FB55A6D72C831ADE00ACDEDA /* NavigationCoordinator.swift */ = {isa = PBXFileReference; fileEncoding = 4; lastKnownFileType = sourcecode.swift; path = NavigationCoordinator.swift; sourceTree = "<group>"; };
		FB55A6D82C831ADE00ACDEDA /* Route.swift */ = {isa = PBXFileReference; fileEncoding = 4; lastKnownFileType = sourcecode.swift; path = Route.swift; sourceTree = "<group>"; };
		FB55A6DA2C831ADE00ACDEDA /* BaseViewModel.swift */ = {isa = PBXFileReference; fileEncoding = 4; lastKnownFileType = sourcecode.swift; path = BaseViewModel.swift; sourceTree = "<group>"; };
		FB55A6DB2C831ADE00ACDEDA /* BaseMapper.swift */ = {isa = PBXFileReference; fileEncoding = 4; lastKnownFileType = sourcecode.swift; path = BaseMapper.swift; sourceTree = "<group>"; };
		FB55A6DC2C831ADE00ACDEDA /* BaseView.swift */ = {isa = PBXFileReference; fileEncoding = 4; lastKnownFileType = sourcecode.swift; path = BaseView.swift; sourceTree = "<group>"; };
		FB55A6F52C831DEA00ACDEDA /* UseCase.swift */ = {isa = PBXFileReference; lastKnownFileType = sourcecode.swift; path = UseCase.swift; sourceTree = "<group>"; };
		FB55A6F92C8327E600ACDEDA /* PKCECodes.swift */ = {isa = PBXFileReference; lastKnownFileType = sourcecode.swift; path = PKCECodes.swift; sourceTree = "<group>"; };
		FB55A70F2C83334B00ACDEDA /* APIs.swift */ = {isa = PBXFileReference; fileEncoding = 4; lastKnownFileType = sourcecode.swift; path = APIs.swift; sourceTree = "<group>"; };
		FB55A7102C83334B00ACDEDA /* CodableHelper.swift */ = {isa = PBXFileReference; fileEncoding = 4; lastKnownFileType = sourcecode.swift; path = CodableHelper.swift; sourceTree = "<group>"; };
		FB55A7112C83334B00ACDEDA /* APIHelper.swift */ = {isa = PBXFileReference; fileEncoding = 4; lastKnownFileType = sourcecode.swift; path = APIHelper.swift; sourceTree = "<group>"; };
		FB55A7122C83334B00ACDEDA /* Models.swift */ = {isa = PBXFileReference; fileEncoding = 4; lastKnownFileType = sourcecode.swift; path = Models.swift; sourceTree = "<group>"; };
		FB55A7132C83334B00ACDEDA /* Extensions.swift */ = {isa = PBXFileReference; fileEncoding = 4; lastKnownFileType = sourcecode.swift; path = Extensions.swift; sourceTree = "<group>"; };
		FB55A7142C83334B00ACDEDA /* SynchronizedDictionary.swift */ = {isa = PBXFileReference; fileEncoding = 4; lastKnownFileType = sourcecode.swift; path = SynchronizedDictionary.swift; sourceTree = "<group>"; };
		FB55A7152C83334B00ACDEDA /* JSONDataEncoding.swift */ = {isa = PBXFileReference; fileEncoding = 4; lastKnownFileType = sourcecode.swift; path = JSONDataEncoding.swift; sourceTree = "<group>"; };
		FB55A7162C83334B00ACDEDA /* URLSessionImplementations.swift */ = {isa = PBXFileReference; fileEncoding = 4; lastKnownFileType = sourcecode.swift; path = URLSessionImplementations.swift; sourceTree = "<group>"; };
		FB55A7172C83334B00ACDEDA /* Configuration.swift */ = {isa = PBXFileReference; fileEncoding = 4; lastKnownFileType = sourcecode.swift; path = Configuration.swift; sourceTree = "<group>"; };
		FB55A7182C83334B00ACDEDA /* OpenISO8601DateFormatter.swift */ = {isa = PBXFileReference; fileEncoding = 4; lastKnownFileType = sourcecode.swift; path = OpenISO8601DateFormatter.swift; sourceTree = "<group>"; };
		FB55A7232C83335E00ACDEDA /* JSONEncodingHelper.swift */ = {isa = PBXFileReference; fileEncoding = 4; lastKnownFileType = sourcecode.swift; path = JSONEncodingHelper.swift; sourceTree = "<group>"; };
		FB55A7252C8333B000ACDEDA /* NetworkLogger.swift */ = {isa = PBXFileReference; fileEncoding = 4; lastKnownFileType = sourcecode.swift; path = NetworkLogger.swift; sourceTree = "<group>"; };
		FB55A7282C8333EE00ACDEDA /* AuthAPI.swift */ = {isa = PBXFileReference; fileEncoding = 4; lastKnownFileType = sourcecode.swift; path = AuthAPI.swift; sourceTree = "<group>"; };
		FB55A72A2C83342D00ACDEDA /* GutifyConstants.swift */ = {isa = PBXFileReference; lastKnownFileType = sourcecode.swift; path = GutifyConstants.swift; sourceTree = "<group>"; };
		FB55A7342C83383900ACDEDA /* BaseRepository.swift */ = {isa = PBXFileReference; lastKnownFileType = sourcecode.swift; path = BaseRepository.swift; sourceTree = "<group>"; };
		FB55A7392C83398C00ACDEDA /* LoginRepository.swift */ = {isa = PBXFileReference; lastKnownFileType = sourcecode.swift; path = LoginRepository.swift; sourceTree = "<group>"; };
		FB55A73B2C83460C00ACDEDA /* RefreshTokenResponseDTO.swift */ = {isa = PBXFileReference; fileEncoding = 4; lastKnownFileType = sourcecode.swift; path = RefreshTokenResponseDTO.swift; sourceTree = "<group>"; };
		FB55A73F2C8347AC00ACDEDA /* Token.swift */ = {isa = PBXFileReference; lastKnownFileType = sourcecode.swift; path = Token.swift; sourceTree = "<group>"; };
		FB55A7412C8347E600ACDEDA /* TokenMapper.swift */ = {isa = PBXFileReference; lastKnownFileType = sourcecode.swift; path = TokenMapper.swift; sourceTree = "<group>"; };
		FB55A7452C83538500ACDEDA /* LoginDomainAssembler.swift */ = {isa = PBXFileReference; fileEncoding = 4; lastKnownFileType = sourcecode.swift; path = LoginDomainAssembler.swift; sourceTree = "<group>"; };
		FB55A7472C8354D700ACDEDA /* LoginDataAssembler.swift */ = {isa = PBXFileReference; fileEncoding = 4; lastKnownFileType = sourcecode.swift; path = LoginDataAssembler.swift; sourceTree = "<group>"; };
		FB55A7492C83550E00ACDEDA /* CheckLogedUserUseCase.swift */ = {isa = PBXFileReference; lastKnownFileType = sourcecode.swift; path = CheckLogedUserUseCase.swift; sourceTree = "<group>"; };
		FB55A74B2C836FF400ACDEDA /* GetUserAuthorizationUseCase.swift */ = {isa = PBXFileReference; fileEncoding = 4; lastKnownFileType = sourcecode.swift; path = GetUserAuthorizationUseCase.swift; sourceTree = "<group>"; };
		FB55A74D2C83726400ACDEDA /* UserAuthorization.swift */ = {isa = PBXFileReference; fileEncoding = 4; lastKnownFileType = sourcecode.swift; path = UserAuthorization.swift; sourceTree = "<group>"; };
		FB55A7502C83799A00ACDEDA /* WebView.swift */ = {isa = PBXFileReference; lastKnownFileType = sourcecode.swift; path = WebView.swift; sourceTree = "<group>"; };
		FB55A7522C8465E400ACDEDA /* GetTokenUseCase.swift */ = {isa = PBXFileReference; fileEncoding = 4; lastKnownFileType = sourcecode.swift; path = GetTokenUseCase.swift; sourceTree = "<group>"; };
		FB55A7572C8481B200ACDEDA /* TabBarView.swift */ = {isa = PBXFileReference; lastKnownFileType = sourcecode.swift; path = TabBarView.swift; sourceTree = "<group>"; };
		FB55A7592C84875000ACDEDA /* TabBarAssembler.swift */ = {isa = PBXFileReference; fileEncoding = 4; lastKnownFileType = sourcecode.swift; path = TabBarAssembler.swift; sourceTree = "<group>"; };
		FB55A75B2C84936D00ACDEDA /* LoaderView.swift */ = {isa = PBXFileReference; lastKnownFileType = sourcecode.swift; path = LoaderView.swift; sourceTree = "<group>"; };
		FB55A75D2C84A42300ACDEDA /* Localizable.xcstrings */ = {isa = PBXFileReference; lastKnownFileType = text.json.xcstrings; path = Localizable.xcstrings; sourceTree = "<group>"; };
		FB55A75F2C84A7C000ACDEDA /* MusicAPI.swift */ = {isa = PBXFileReference; fileEncoding = 4; lastKnownFileType = sourcecode.swift; path = MusicAPI.swift; sourceTree = "<group>"; };
		FB55A7672C84BF0200ACDEDA /* ArtistObjectDTO.swift */ = {isa = PBXFileReference; fileEncoding = 4; lastKnownFileType = sourcecode.swift; path = ArtistObjectDTO.swift; sourceTree = "<group>"; };
		FB55A7682C84BF0200ACDEDA /* ImageObjectDTO.swift */ = {isa = PBXFileReference; fileEncoding = 4; lastKnownFileType = sourcecode.swift; path = ImageObjectDTO.swift; sourceTree = "<group>"; };
		FB55A7692C84BF0200ACDEDA /* PagingTrackObjectDTO.swift */ = {isa = PBXFileReference; fileEncoding = 4; lastKnownFileType = sourcecode.swift; path = PagingTrackObjectDTO.swift; sourceTree = "<group>"; };
		FB55A76A2C84BF0200ACDEDA /* TrackObjectDTO.swift */ = {isa = PBXFileReference; fileEncoding = 4; lastKnownFileType = sourcecode.swift; path = TrackObjectDTO.swift; sourceTree = "<group>"; };
		FB55A76B2C84BF0200ACDEDA /* FollowersObjectDTO.swift */ = {isa = PBXFileReference; fileEncoding = 4; lastKnownFileType = sourcecode.swift; path = FollowersObjectDTO.swift; sourceTree = "<group>"; };
		FB55A7712C84C01C00ACDEDA /* SimplifiedArtistObjectDTO.swift */ = {isa = PBXFileReference; fileEncoding = 4; lastKnownFileType = sourcecode.swift; path = SimplifiedArtistObjectDTO.swift; sourceTree = "<group>"; };
		FB55A7722C84C01C00ACDEDA /* SimplifiedAlbumObjectDTO.swift */ = {isa = PBXFileReference; fileEncoding = 4; lastKnownFileType = sourcecode.swift; path = SimplifiedAlbumObjectDTO.swift; sourceTree = "<group>"; };
		FB55A77A2C84C16E00ACDEDA /* MusicRepository.swift */ = {isa = PBXFileReference; fileEncoding = 4; lastKnownFileType = sourcecode.swift; path = MusicRepository.swift; sourceTree = "<group>"; };
		FB55A77C2C84C1C500ACDEDA /* Track.swift */ = {isa = PBXFileReference; lastKnownFileType = sourcecode.swift; path = Track.swift; sourceTree = "<group>"; };
		FB55A77E2C84C23E00ACDEDA /* Artist.swift */ = {isa = PBXFileReference; fileEncoding = 4; lastKnownFileType = sourcecode.swift; path = Artist.swift; sourceTree = "<group>"; };
		FB55A7802C84C3F800ACDEDA /* Album.swift */ = {isa = PBXFileReference; fileEncoding = 4; lastKnownFileType = sourcecode.swift; path = Album.swift; sourceTree = "<group>"; };
		FB55A7822C84C5E100ACDEDA /* TrackMapper.swift */ = {isa = PBXFileReference; fileEncoding = 4; lastKnownFileType = sourcecode.swift; path = TrackMapper.swift; sourceTree = "<group>"; };
		FB55A7842C84C61F00ACDEDA /* ArtistMapper.swift */ = {isa = PBXFileReference; fileEncoding = 4; lastKnownFileType = sourcecode.swift; path = ArtistMapper.swift; sourceTree = "<group>"; };
		FB55A7862C84C6D300ACDEDA /* AlbumMapper.swift */ = {isa = PBXFileReference; fileEncoding = 4; lastKnownFileType = sourcecode.swift; path = AlbumMapper.swift; sourceTree = "<group>"; };
		FB55A7882C84C91A00ACDEDA /* GetUserTopTracksUseCase.swift */ = {isa = PBXFileReference; fileEncoding = 4; lastKnownFileType = sourcecode.swift; path = GetUserTopTracksUseCase.swift; sourceTree = "<group>"; };
		FB55A78A2C84C93100ACDEDA /* MusicDataAssembler.swift */ = {isa = PBXFileReference; fileEncoding = 4; lastKnownFileType = sourcecode.swift; path = MusicDataAssembler.swift; sourceTree = "<group>"; };
		FB55A78C2C84C97700ACDEDA /* MusicDomainAssembler.swift */ = {isa = PBXFileReference; fileEncoding = 4; lastKnownFileType = sourcecode.swift; path = MusicDomainAssembler.swift; sourceTree = "<group>"; };
		FB9FF1172C85AD0700D37985 /* PagingArtistObjectDTO.swift */ = {isa = PBXFileReference; fileEncoding = 4; lastKnownFileType = sourcecode.swift; path = PagingArtistObjectDTO.swift; sourceTree = "<group>"; };
		FB9FF1192C85AD4E00D37985 /* GetUserTopArtistsUseCase.swift */ = {isa = PBXFileReference; fileEncoding = 4; lastKnownFileType = sourcecode.swift; path = GetUserTopArtistsUseCase.swift; sourceTree = "<group>"; };
		FB9FF11B2C85C09F00D37985 /* InlineResponse20010DTO.swift */ = {isa = PBXFileReference; fileEncoding = 4; lastKnownFileType = sourcecode.swift; path = InlineResponse20010DTO.swift; sourceTree = "<group>"; };
		FB9FF11D2C85C0B800D37985 /* PagingSimplifiedAlbumObjectDTO.swift */ = {isa = PBXFileReference; fileEncoding = 4; lastKnownFileType = sourcecode.swift; path = PagingSimplifiedAlbumObjectDTO.swift; sourceTree = "<group>"; };
		FB9FF11F2C85C13F00D37985 /* GetNewReleasesUseCase.swift */ = {isa = PBXFileReference; fileEncoding = 4; lastKnownFileType = sourcecode.swift; path = GetNewReleasesUseCase.swift; sourceTree = "<group>"; };
		FB9FF1222C85C4B400D37985 /* LibraryAssembler.swift */ = {isa = PBXFileReference; fileEncoding = 4; lastKnownFileType = sourcecode.swift; path = LibraryAssembler.swift; sourceTree = "<group>"; };
		FB9FF1242C85C4BB00D37985 /* LibraryView.swift */ = {isa = PBXFileReference; fileEncoding = 4; lastKnownFileType = sourcecode.swift; path = LibraryView.swift; sourceTree = "<group>"; };
		FB9FF1262C85C4C500D37985 /* LibraryViewModel.swift */ = {isa = PBXFileReference; fileEncoding = 4; lastKnownFileType = sourcecode.swift; path = LibraryViewModel.swift; sourceTree = "<group>"; };
		FB9FF1282C85CBA900D37985 /* Searchable.swift */ = {isa = PBXFileReference; lastKnownFileType = sourcecode.swift; path = Searchable.swift; sourceTree = "<group>"; };
		FB9FF12A2C85D3E600D37985 /* CursorPagingSimplifiedArtistObjectDTO.swift */ = {isa = PBXFileReference; fileEncoding = 4; lastKnownFileType = sourcecode.swift; path = CursorPagingSimplifiedArtistObjectDTO.swift; sourceTree = "<group>"; };
		FB9FF12B2C85D3E600D37985 /* AlbumObjectDTO.swift */ = {isa = PBXFileReference; fileEncoding = 4; lastKnownFileType = sourcecode.swift; path = AlbumObjectDTO.swift; sourceTree = "<group>"; };
		FB9FF12C2C85D3E700D37985 /* PagingPlaylistObjectDTO.swift */ = {isa = PBXFileReference; fileEncoding = 4; lastKnownFileType = sourcecode.swift; path = PagingPlaylistObjectDTO.swift; sourceTree = "<group>"; };
		FB9FF12D2C85D3E700D37985 /* PagingSavedAlbumObjectDTO.swift */ = {isa = PBXFileReference; fileEncoding = 4; lastKnownFileType = sourcecode.swift; path = PagingSavedAlbumObjectDTO.swift; sourceTree = "<group>"; };
		FB9FF12E2C85D3E700D37985 /* PlaylistTracksRefObjectDTO.swift */ = {isa = PBXFileReference; fileEncoding = 4; lastKnownFileType = sourcecode.swift; path = PlaylistTracksRefObjectDTO.swift; sourceTree = "<group>"; };
		FB9FF12F2C85D3E700D37985 /* SavedAlbumObjectDTO.swift */ = {isa = PBXFileReference; fileEncoding = 4; lastKnownFileType = sourcecode.swift; path = SavedAlbumObjectDTO.swift; sourceTree = "<group>"; };
		FB9FF1302C85D3E700D37985 /* SavedTrackObjectDTO.swift */ = {isa = PBXFileReference; fileEncoding = 4; lastKnownFileType = sourcecode.swift; path = SavedTrackObjectDTO.swift; sourceTree = "<group>"; };
		FB9FF1312C85D3E700D37985 /* SimplifiedPlaylistObjectDTO.swift */ = {isa = PBXFileReference; fileEncoding = 4; lastKnownFileType = sourcecode.swift; path = SimplifiedPlaylistObjectDTO.swift; sourceTree = "<group>"; };
		FB9FF1322C85D3E700D37985 /* PagingSavedTrackObjectDTO.swift */ = {isa = PBXFileReference; fileEncoding = 4; lastKnownFileType = sourcecode.swift; path = PagingSavedTrackObjectDTO.swift; sourceTree = "<group>"; };
		FB9FF1332C85D3E700D37985 /* InlineResponse20011DTO.swift */ = {isa = PBXFileReference; fileEncoding = 4; lastKnownFileType = sourcecode.swift; path = InlineResponse20011DTO.swift; sourceTree = "<group>"; };
		FB9FF13E2C85D4F200D37985 /* Playlist.swift */ = {isa = PBXFileReference; fileEncoding = 4; lastKnownFileType = sourcecode.swift; path = Playlist.swift; sourceTree = "<group>"; };
		FB9FF1402C85D54100D37985 /* PlaylistMapper.swift */ = {isa = PBXFileReference; fileEncoding = 4; lastKnownFileType = sourcecode.swift; path = PlaylistMapper.swift; sourceTree = "<group>"; };
		FB9FF1422C85E62700D37985 /* GetLibraryUseCase.swift */ = {isa = PBXFileReference; fileEncoding = 4; lastKnownFileType = sourcecode.swift; path = GetLibraryUseCase.swift; sourceTree = "<group>"; };
		FB9FF1442C86FEE600D37985 /* CustomAsyncImage.swift */ = {isa = PBXFileReference; lastKnownFileType = sourcecode.swift; path = CustomAsyncImage.swift; sourceTree = "<group>"; };
		FBA7F6D82C8729EF00FD4368 /* UsersAPI.swift */ = {isa = PBXFileReference; fileEncoding = 4; lastKnownFileType = sourcecode.swift; path = UsersAPI.swift; sourceTree = "<group>"; };
		FBA7F6DC2C872A8200FD4368 /* PrivateUserObjectDTO.swift */ = {isa = PBXFileReference; fileEncoding = 4; lastKnownFileType = sourcecode.swift; path = PrivateUserObjectDTO.swift; sourceTree = "<group>"; };
		FBA7F6E32C872AEB00FD4368 /* Profile.swift */ = {isa = PBXFileReference; lastKnownFileType = sourcecode.swift; path = Profile.swift; sourceTree = "<group>"; };
		FBA7F6E52C872BF300FD4368 /* ProfileMapper.swift */ = {isa = PBXFileReference; fileEncoding = 4; lastKnownFileType = sourcecode.swift; path = ProfileMapper.swift; sourceTree = "<group>"; };
		FBA7F6E72C872CF400FD4368 /* ProfileRepository.swift */ = {isa = PBXFileReference; fileEncoding = 4; lastKnownFileType = sourcecode.swift; path = ProfileRepository.swift; sourceTree = "<group>"; };
		FBA7F6E92C872D6300FD4368 /* ProfileDataAssembler.swift */ = {isa = PBXFileReference; fileEncoding = 4; lastKnownFileType = sourcecode.swift; path = ProfileDataAssembler.swift; sourceTree = "<group>"; };
		FBA7F6EB2C872D8500FD4368 /* GetProfileUseCase.swift */ = {isa = PBXFileReference; fileEncoding = 4; lastKnownFileType = sourcecode.swift; path = GetProfileUseCase.swift; sourceTree = "<group>"; };
		FBA7F6ED2C872DAC00FD4368 /* ProfileDomainAssembler.swift */ = {isa = PBXFileReference; fileEncoding = 4; lastKnownFileType = sourcecode.swift; path = ProfileDomainAssembler.swift; sourceTree = "<group>"; };
		FBA7F6F02C872DEC00FD4368 /* ProfileView.swift */ = {isa = PBXFileReference; fileEncoding = 4; lastKnownFileType = sourcecode.swift; path = ProfileView.swift; sourceTree = "<group>"; };
		FBA7F6F22C872DF700FD4368 /* ProfileAssembler.swift */ = {isa = PBXFileReference; fileEncoding = 4; lastKnownFileType = sourcecode.swift; path = ProfileAssembler.swift; sourceTree = "<group>"; };
		FBA7F6F42C872E0300FD4368 /* ProfileViewModel.swift */ = {isa = PBXFileReference; fileEncoding = 4; lastKnownFileType = sourcecode.swift; path = ProfileViewModel.swift; sourceTree = "<group>"; };
		FBA7F6F62C873A9B00FD4368 /* RemoveTokenUseCase.swift */ = {isa = PBXFileReference; fileEncoding = 4; lastKnownFileType = sourcecode.swift; path = RemoveTokenUseCase.swift; sourceTree = "<group>"; };
		FBA7F6FA2C89B06800FD4368 /* View+Utils.swift */ = {isa = PBXFileReference; lastKnownFileType = sourcecode.swift; path = "View+Utils.swift"; sourceTree = "<group>"; };
		FBA7F6FC2C89B53E00FD4368 /* Info.plist */ = {isa = PBXFileReference; lastKnownFileType = text.plist; path = Info.plist; sourceTree = "<group>"; };
/* End PBXFileReference section */

/* Begin PBXFrameworksBuildPhase section */
		FB55A6862C83195A00ACDEDA /* Frameworks */ = {
			isa = PBXFrameworksBuildPhase;
			buildActionMask = 2147483647;
			files = (
				FB55A7382C83392100ACDEDA /* KeychainSwift in Frameworks */,
			);
			runOnlyForDeploymentPostprocessing = 0;
		};
		FB55A69B2C83195C00ACDEDA /* Frameworks */ = {
			isa = PBXFrameworksBuildPhase;
			buildActionMask = 2147483647;
			files = (
			);
			runOnlyForDeploymentPostprocessing = 0;
		};
		FB55A6A52C83195C00ACDEDA /* Frameworks */ = {
			isa = PBXFrameworksBuildPhase;
			buildActionMask = 2147483647;
			files = (
			);
			runOnlyForDeploymentPostprocessing = 0;
		};
/* End PBXFrameworksBuildPhase section */

/* Begin PBXGroup section */
		FB55A6802C83195A00ACDEDA = {
			isa = PBXGroup;
			children = (
				FB55A68B2C83195A00ACDEDA /* Gutify */,
				FB55A6A12C83195C00ACDEDA /* GutifyTests */,
				FB55A6AB2C83195C00ACDEDA /* GutifyUITests */,
				FB55A68A2C83195A00ACDEDA /* Products */,
			);
			sourceTree = "<group>";
		};
		FB55A68A2C83195A00ACDEDA /* Products */ = {
			isa = PBXGroup;
			children = (
				FB55A6892C83195A00ACDEDA /* Gutify.app */,
				FB55A69E2C83195C00ACDEDA /* GutifyTests.xctest */,
				FB55A6A82C83195C00ACDEDA /* GutifyUITests.xctest */,
			);
			name = Products;
			sourceTree = "<group>";
		};
		FB55A68B2C83195A00ACDEDA /* Gutify */ = {
			isa = PBXGroup;
			children = (
				FBA7F6FC2C89B53E00FD4368 /* Info.plist */,
				FB55A6BC2C8319A100ACDEDA /* Source */,
				FB55A6BB2C83198700ACDEDA /* Resource */,
				FB55A6952C83195B00ACDEDA /* Persistence.swift */,
				FB55A6922C83195B00ACDEDA /* Preview Content */,
			);
			path = Gutify;
			sourceTree = "<group>";
		};
		FB55A6922C83195B00ACDEDA /* Preview Content */ = {
			isa = PBXGroup;
			children = (
				FB55A6932C83195B00ACDEDA /* Preview Assets.xcassets */,
			);
			path = "Preview Content";
			sourceTree = "<group>";
		};
		FB55A6A12C83195C00ACDEDA /* GutifyTests */ = {
			isa = PBXGroup;
			children = (
				FB55A6A22C83195C00ACDEDA /* GutifyTests.swift */,
			);
			path = GutifyTests;
			sourceTree = "<group>";
		};
		FB55A6AB2C83195C00ACDEDA /* GutifyUITests */ = {
			isa = PBXGroup;
			children = (
				FB55A6AC2C83195C00ACDEDA /* GutifyUITests.swift */,
				FB55A6AE2C83195C00ACDEDA /* GutifyUITestsLaunchTests.swift */,
			);
			path = GutifyUITests;
			sourceTree = "<group>";
		};
		FB55A6BB2C83198700ACDEDA /* Resource */ = {
			isa = PBXGroup;
			children = (
				FB55A6902C83195B00ACDEDA /* Assets.xcassets */,
				FB55A6972C83195B00ACDEDA /* Gutify.xcdatamodeld */,
				FB55A72A2C83342D00ACDEDA /* GutifyConstants.swift */,
				FB55A75D2C84A42300ACDEDA /* Localizable.xcstrings */,
			);
			path = Resource;
			sourceTree = "<group>";
		};
		FB55A6BC2C8319A100ACDEDA /* Source */ = {
			isa = PBXGroup;
			children = (
				FB55A6BE2C831ADE00ACDEDA /* App */,
				FB55A6CE2C831ADE00ACDEDA /* Core */,
				FB55A6C02C831ADE00ACDEDA /* Presentation */,
				FB55A6DD2C831ADE00ACDEDA /* Domain */,
				FB55A6BD2C831ADE00ACDEDA /* Data */,
			);
			path = Source;
			sourceTree = "<group>";
		};
		FB55A6BD2C831ADE00ACDEDA /* Data */ = {
			isa = PBXGroup;
			children = (
				FBA7F6D32C8729A400FD4368 /* Profile */,
				FB55A7612C84BD1C00ACDEDA /* Music */,
				FB55A7272C8333E000ACDEDA /* Login */,
			);
			path = Data;
			sourceTree = "<group>";
		};
		FB55A6BE2C831ADE00ACDEDA /* App */ = {
			isa = PBXGroup;
			children = (
				FB55A6BF2C831ADE00ACDEDA /* BaseAppApp.swift */,
			);
			path = App;
			sourceTree = "<group>";
		};
		FB55A6C02C831ADE00ACDEDA /* Presentation */ = {
			isa = PBXGroup;
			children = (
				FB55A6C62C831ADE00ACDEDA /* Splash */,
				FB55A7542C84816800ACDEDA /* TabBarView */,
				FB55A6C22C831ADE00ACDEDA /* Home */,
				FB9FF1212C85C49F00D37985 /* Library */,
				FBA7F6EF2C872DD200FD4368 /* Profile */,
			);
			path = Presentation;
			sourceTree = "<group>";
		};
		FB55A6C22C831ADE00ACDEDA /* Home */ = {
			isa = PBXGroup;
			children = (
				FB55A6C32C831ADE00ACDEDA /* HomeViewModel.swift */,
				FB55A6C42C831ADE00ACDEDA /* HomeView.swift */,
				FB55A6C52C831ADE00ACDEDA /* HomeAssembler.swift */,
			);
			path = Home;
			sourceTree = "<group>";
		};
		FB55A6C62C831ADE00ACDEDA /* Splash */ = {
			isa = PBXGroup;
			children = (
				FB55A6C72C831ADE00ACDEDA /* SplashViewModel.swift */,
				FB55A6C82C831ADE00ACDEDA /* SplashView.swift */,
				FB55A6C92C831ADE00ACDEDA /* SplashAssembler.swift */,
			);
			path = Splash;
			sourceTree = "<group>";
		};
		FB55A6CE2C831ADE00ACDEDA /* Core */ = {
			isa = PBXGroup;
			children = (
				FB55A74F2C83797500ACDEDA /* Views */,
				FB55A6FB2C832A2400ACDEDA /* Network */,
				FB55A6F82C8327D900ACDEDA /* Util */,
				FB55A6CF2C831ADE00ACDEDA /* Combine */,
				FB55A6D52C831ADE00ACDEDA /* Navigation */,
				FB55A6D92C831ADE00ACDEDA /* Base */,
			);
			path = Core;
			sourceTree = "<group>";
		};
		FB55A6CF2C831ADE00ACDEDA /* Combine */ = {
			isa = PBXGroup;
			children = (
				FB55A6D02C831ADE00ACDEDA /* CancelBag.swift */,
				FB55A6D12C831ADE00ACDEDA /* ErrorTracker.swift */,
				FB55A6D22C831ADE00ACDEDA /* Driver.swift */,
				FB55A6D32C831ADE00ACDEDA /* ActivityTracker.swift */,
				FB55A6D42C831ADE00ACDEDA /* Observable.swift */,
			);
			path = Combine;
			sourceTree = "<group>";
		};
		FB55A6D52C831ADE00ACDEDA /* Navigation */ = {
			isa = PBXGroup;
			children = (
				FB55A6D62C831ADE00ACDEDA /* RootView.swift */,
				FB55A6D72C831ADE00ACDEDA /* NavigationCoordinator.swift */,
				FB55A6D82C831ADE00ACDEDA /* Route.swift */,
			);
			path = Navigation;
			sourceTree = "<group>";
		};
		FB55A6D92C831ADE00ACDEDA /* Base */ = {
			isa = PBXGroup;
			children = (
				FB55A6DA2C831ADE00ACDEDA /* BaseViewModel.swift */,
				FB55A6DB2C831ADE00ACDEDA /* BaseMapper.swift */,
				FB55A6DC2C831ADE00ACDEDA /* BaseView.swift */,
				FB55A6F52C831DEA00ACDEDA /* UseCase.swift */,
				FB55A7342C83383900ACDEDA /* BaseRepository.swift */,
			);
			path = Base;
			sourceTree = "<group>";
		};
		FB55A6DD2C831ADE00ACDEDA /* Domain */ = {
			isa = PBXGroup;
			children = (
				FBA7F6DF2C872AC100FD4368 /* Profile */,
				FB55A7762C84C14000ACDEDA /* Music */,
				FB55A73D2C83478A00ACDEDA /* Login */,
			);
			path = Domain;
			sourceTree = "<group>";
		};
		FB55A6F82C8327D900ACDEDA /* Util */ = {
			isa = PBXGroup;
			children = (
				FB55A6F92C8327E600ACDEDA /* PKCECodes.swift */,
				FBA7F6FA2C89B06800FD4368 /* View+Utils.swift */,
			);
			path = Util;
			sourceTree = "<group>";
		};
		FB55A6FB2C832A2400ACDEDA /* Network */ = {
			isa = PBXGroup;
			children = (
				FB55A7252C8333B000ACDEDA /* NetworkLogger.swift */,
				FB55A7232C83335E00ACDEDA /* JSONEncodingHelper.swift */,
				FB55A7112C83334B00ACDEDA /* APIHelper.swift */,
				FB55A70F2C83334B00ACDEDA /* APIs.swift */,
				FB55A7102C83334B00ACDEDA /* CodableHelper.swift */,
				FB55A7172C83334B00ACDEDA /* Configuration.swift */,
				FB55A7132C83334B00ACDEDA /* Extensions.swift */,
				FB55A7152C83334B00ACDEDA /* JSONDataEncoding.swift */,
				FB55A7122C83334B00ACDEDA /* Models.swift */,
				FB55A7182C83334B00ACDEDA /* OpenISO8601DateFormatter.swift */,
				FB55A7142C83334B00ACDEDA /* SynchronizedDictionary.swift */,
				FB55A7162C83334B00ACDEDA /* URLSessionImplementations.swift */,
			);
			path = Network;
			sourceTree = "<group>";
		};
		FB55A7272C8333E000ACDEDA /* Login */ = {
			isa = PBXGroup;
			children = (
				FB55A7332C83381500ACDEDA /* Mapper */,
				FB55A7322C8337FB00ACDEDA /* Assembler */,
				FB55A7312C8337F200ACDEDA /* Repository */,
				FB55A72C2C83372100ACDEDA /* DataSource */,
			);
			path = Login;
			sourceTree = "<group>";
		};
		FB55A72C2C83372100ACDEDA /* DataSource */ = {
			isa = PBXGroup;
			children = (
				FB55A72E2C83372D00ACDEDA /* APIService */,
				FB55A72D2C83372800ACDEDA /* Model */,
			);
			path = DataSource;
			sourceTree = "<group>";
		};
		FB55A72D2C83372800ACDEDA /* Model */ = {
			isa = PBXGroup;
			children = (
				FB55A73B2C83460C00ACDEDA /* RefreshTokenResponseDTO.swift */,
			);
			path = Model;
			sourceTree = "<group>";
		};
		FB55A72E2C83372D00ACDEDA /* APIService */ = {
			isa = PBXGroup;
			children = (
				FB55A7282C8333EE00ACDEDA /* AuthAPI.swift */,
			);
			path = APIService;
			sourceTree = "<group>";
		};
		FB55A7312C8337F200ACDEDA /* Repository */ = {
			isa = PBXGroup;
			children = (
				FB55A7392C83398C00ACDEDA /* LoginRepository.swift */,
			);
			path = Repository;
			sourceTree = "<group>";
		};
		FB55A7322C8337FB00ACDEDA /* Assembler */ = {
			isa = PBXGroup;
			children = (
				FB55A7472C8354D700ACDEDA /* LoginDataAssembler.swift */,
			);
			path = Assembler;
			sourceTree = "<group>";
		};
		FB55A7332C83381500ACDEDA /* Mapper */ = {
			isa = PBXGroup;
			children = (
				FB55A7412C8347E600ACDEDA /* TokenMapper.swift */,
			);
			path = Mapper;
			sourceTree = "<group>";
		};
		FB55A73D2C83478A00ACDEDA /* Login */ = {
			isa = PBXGroup;
			children = (
				FB55A7432C83535800ACDEDA /* Assembler */,
				FB55A73E2C83479500ACDEDA /* Model */,
				FB55A7442C83536300ACDEDA /* UseCase */,
			);
			path = Login;
			sourceTree = "<group>";
		};
		FB55A73E2C83479500ACDEDA /* Model */ = {
			isa = PBXGroup;
			children = (
				FB55A73F2C8347AC00ACDEDA /* Token.swift */,
				FB55A74D2C83726400ACDEDA /* UserAuthorization.swift */,
			);
			path = Model;
			sourceTree = "<group>";
		};
		FB55A7432C83535800ACDEDA /* Assembler */ = {
			isa = PBXGroup;
			children = (
				FB55A7452C83538500ACDEDA /* LoginDomainAssembler.swift */,
			);
			path = Assembler;
			sourceTree = "<group>";
		};
		FB55A7442C83536300ACDEDA /* UseCase */ = {
			isa = PBXGroup;
			children = (
				FB55A7492C83550E00ACDEDA /* CheckLogedUserUseCase.swift */,
				FB55A74B2C836FF400ACDEDA /* GetUserAuthorizationUseCase.swift */,
				FB55A7522C8465E400ACDEDA /* GetTokenUseCase.swift */,
				FBA7F6F62C873A9B00FD4368 /* RemoveTokenUseCase.swift */,
			);
			path = UseCase;
			sourceTree = "<group>";
		};
		FB55A74F2C83797500ACDEDA /* Views */ = {
			isa = PBXGroup;
			children = (
				FB55A7502C83799A00ACDEDA /* WebView.swift */,
				FB55A75B2C84936D00ACDEDA /* LoaderView.swift */,
				FB9FF1442C86FEE600D37985 /* CustomAsyncImage.swift */,
			);
			path = Views;
			sourceTree = "<group>";
		};
		FB55A7542C84816800ACDEDA /* TabBarView */ = {
			isa = PBXGroup;
			children = (
				FB55A7572C8481B200ACDEDA /* TabBarView.swift */,
				FB55A7592C84875000ACDEDA /* TabBarAssembler.swift */,
			);
			path = TabBarView;
			sourceTree = "<group>";
		};
		FB55A7612C84BD1C00ACDEDA /* Music */ = {
			isa = PBXGroup;
			children = (
				FB55A7652C84BD3600ACDEDA /* Mapper */,
				FB55A7642C84BD3100ACDEDA /* Assembler */,
				FB55A7632C84BD2B00ACDEDA /* Repository */,
				FB55A7622C84BD2400ACDEDA /* DataSource */,
			);
			path = Music;
			sourceTree = "<group>";
		};
		FB55A7622C84BD2400ACDEDA /* DataSource */ = {
			isa = PBXGroup;
			children = (
				FB55A75F2C84A7C000ACDEDA /* MusicAPI.swift */,
				FB55A7662C84BD3C00ACDEDA /* Model */,
			);
			path = DataSource;
			sourceTree = "<group>";
		};
		FB55A7632C84BD2B00ACDEDA /* Repository */ = {
			isa = PBXGroup;
			children = (
				FB55A77A2C84C16E00ACDEDA /* MusicRepository.swift */,
			);
			path = Repository;
			sourceTree = "<group>";
		};
		FB55A7642C84BD3100ACDEDA /* Assembler */ = {
			isa = PBXGroup;
			children = (
				FB55A78A2C84C93100ACDEDA /* MusicDataAssembler.swift */,
			);
			path = Assembler;
			sourceTree = "<group>";
		};
		FB55A7652C84BD3600ACDEDA /* Mapper */ = {
			isa = PBXGroup;
			children = (
				FB55A7822C84C5E100ACDEDA /* TrackMapper.swift */,
				FB55A7842C84C61F00ACDEDA /* ArtistMapper.swift */,
				FB55A7862C84C6D300ACDEDA /* AlbumMapper.swift */,
				FB9FF1402C85D54100D37985 /* PlaylistMapper.swift */,
			);
			path = Mapper;
			sourceTree = "<group>";
		};
		FB55A7662C84BD3C00ACDEDA /* Model */ = {
			isa = PBXGroup;
			children = (
				FB9FF12B2C85D3E600D37985 /* AlbumObjectDTO.swift */,
				FB9FF12A2C85D3E600D37985 /* CursorPagingSimplifiedArtistObjectDTO.swift */,
				FB9FF1332C85D3E700D37985 /* InlineResponse20011DTO.swift */,
				FB9FF12C2C85D3E700D37985 /* PagingPlaylistObjectDTO.swift */,
				FB9FF12D2C85D3E700D37985 /* PagingSavedAlbumObjectDTO.swift */,
				FB9FF1322C85D3E700D37985 /* PagingSavedTrackObjectDTO.swift */,
				FB9FF12E2C85D3E700D37985 /* PlaylistTracksRefObjectDTO.swift */,
				FB9FF12F2C85D3E700D37985 /* SavedAlbumObjectDTO.swift */,
				FB9FF1302C85D3E700D37985 /* SavedTrackObjectDTO.swift */,
				FB9FF1312C85D3E700D37985 /* SimplifiedPlaylistObjectDTO.swift */,
				FB9FF11D2C85C0B800D37985 /* PagingSimplifiedAlbumObjectDTO.swift */,
				FB9FF11B2C85C09F00D37985 /* InlineResponse20010DTO.swift */,
				FB9FF1172C85AD0700D37985 /* PagingArtistObjectDTO.swift */,
				FB55A7722C84C01C00ACDEDA /* SimplifiedAlbumObjectDTO.swift */,
				FB55A7712C84C01C00ACDEDA /* SimplifiedArtistObjectDTO.swift */,
				FB55A7672C84BF0200ACDEDA /* ArtistObjectDTO.swift */,
				FB55A76B2C84BF0200ACDEDA /* FollowersObjectDTO.swift */,
				FB55A7682C84BF0200ACDEDA /* ImageObjectDTO.swift */,
				FB55A7692C84BF0200ACDEDA /* PagingTrackObjectDTO.swift */,
				FB55A76A2C84BF0200ACDEDA /* TrackObjectDTO.swift */,
			);
			path = Model;
			sourceTree = "<group>";
		};
		FB55A7762C84C14000ACDEDA /* Music */ = {
			isa = PBXGroup;
			children = (
				FB55A7792C84C15200ACDEDA /* Assembler */,
				FB55A7782C84C14D00ACDEDA /* Model */,
				FB55A7772C84C14700ACDEDA /* UseCase */,
			);
			path = Music;
			sourceTree = "<group>";
		};
		FB55A7772C84C14700ACDEDA /* UseCase */ = {
			isa = PBXGroup;
			children = (
				FB55A7882C84C91A00ACDEDA /* GetUserTopTracksUseCase.swift */,
				FB9FF1192C85AD4E00D37985 /* GetUserTopArtistsUseCase.swift */,
				FB9FF11F2C85C13F00D37985 /* GetNewReleasesUseCase.swift */,
				FB9FF1422C85E62700D37985 /* GetLibraryUseCase.swift */,
			);
			path = UseCase;
			sourceTree = "<group>";
		};
		FB55A7782C84C14D00ACDEDA /* Model */ = {
			isa = PBXGroup;
			children = (
				FB55A77C2C84C1C500ACDEDA /* Track.swift */,
				FB55A77E2C84C23E00ACDEDA /* Artist.swift */,
				FB55A7802C84C3F800ACDEDA /* Album.swift */,
				FB9FF13E2C85D4F200D37985 /* Playlist.swift */,
				FB9FF1282C85CBA900D37985 /* Searchable.swift */,
			);
			path = Model;
			sourceTree = "<group>";
		};
		FB55A7792C84C15200ACDEDA /* Assembler */ = {
			isa = PBXGroup;
			children = (
				FB55A78C2C84C97700ACDEDA /* MusicDomainAssembler.swift */,
			);
			path = Assembler;
			sourceTree = "<group>";
		};
		FB9FF1212C85C49F00D37985 /* Library */ = {
			isa = PBXGroup;
			children = (
				FB9FF1262C85C4C500D37985 /* LibraryViewModel.swift */,
				FB9FF1242C85C4BB00D37985 /* LibraryView.swift */,
				FB9FF1222C85C4B400D37985 /* LibraryAssembler.swift */,
			);
			path = Library;
			sourceTree = "<group>";
		};
		FBA7F6D32C8729A400FD4368 /* Profile */ = {
			isa = PBXGroup;
			children = (
				FBA7F6D72C8729DF00FD4368 /* Mapper */,
				FBA7F6D62C8729D900FD4368 /* Assembler */,
				FBA7F6D52C8729CF00FD4368 /* Repository */,
				FBA7F6D42C8729BD00FD4368 /* Datasource */,
			);
			path = Profile;
			sourceTree = "<group>";
		};
		FBA7F6D42C8729BD00FD4368 /* Datasource */ = {
			isa = PBXGroup;
			children = (
				FBA7F6D82C8729EF00FD4368 /* UsersAPI.swift */,
				FBA7F6DA2C872A3800FD4368 /* Model */,
			);
			path = Datasource;
			sourceTree = "<group>";
		};
		FBA7F6D52C8729CF00FD4368 /* Repository */ = {
			isa = PBXGroup;
			children = (
				FBA7F6E72C872CF400FD4368 /* ProfileRepository.swift */,
			);
			path = Repository;
			sourceTree = "<group>";
		};
		FBA7F6D62C8729D900FD4368 /* Assembler */ = {
			isa = PBXGroup;
			children = (
				FBA7F6E92C872D6300FD4368 /* ProfileDataAssembler.swift */,
			);
			path = Assembler;
			sourceTree = "<group>";
		};
		FBA7F6D72C8729DF00FD4368 /* Mapper */ = {
			isa = PBXGroup;
			children = (
				FBA7F6E52C872BF300FD4368 /* ProfileMapper.swift */,
			);
			path = Mapper;
			sourceTree = "<group>";
		};
		FBA7F6DA2C872A3800FD4368 /* Model */ = {
			isa = PBXGroup;
			children = (
				FBA7F6DC2C872A8200FD4368 /* PrivateUserObjectDTO.swift */,
			);
			path = Model;
			sourceTree = "<group>";
		};
		FBA7F6DF2C872AC100FD4368 /* Profile */ = {
			isa = PBXGroup;
			children = (
				FBA7F6E22C872AD300FD4368 /* Assembler */,
				FBA7F6E12C872ACE00FD4368 /* Model */,
				FBA7F6E02C872AC600FD4368 /* UseCase */,
			);
			path = Profile;
			sourceTree = "<group>";
		};
		FBA7F6E02C872AC600FD4368 /* UseCase */ = {
			isa = PBXGroup;
			children = (
				FBA7F6EB2C872D8500FD4368 /* GetProfileUseCase.swift */,
			);
			path = UseCase;
			sourceTree = "<group>";
		};
		FBA7F6E12C872ACE00FD4368 /* Model */ = {
			isa = PBXGroup;
			children = (
				FBA7F6E32C872AEB00FD4368 /* Profile.swift */,
			);
			path = Model;
			sourceTree = "<group>";
		};
		FBA7F6E22C872AD300FD4368 /* Assembler */ = {
			isa = PBXGroup;
			children = (
				FBA7F6ED2C872DAC00FD4368 /* ProfileDomainAssembler.swift */,
			);
			path = Assembler;
			sourceTree = "<group>";
		};
		FBA7F6EF2C872DD200FD4368 /* Profile */ = {
			isa = PBXGroup;
			children = (
				FBA7F6F42C872E0300FD4368 /* ProfileViewModel.swift */,
				FBA7F6F02C872DEC00FD4368 /* ProfileView.swift */,
				FBA7F6F22C872DF700FD4368 /* ProfileAssembler.swift */,
			);
			path = Profile;
			sourceTree = "<group>";
		};
/* End PBXGroup section */

/* Begin PBXNativeTarget section */
		FB55A6882C83195A00ACDEDA /* Gutify */ = {
			isa = PBXNativeTarget;
			buildConfigurationList = FB55A6B22C83195C00ACDEDA /* Build configuration list for PBXNativeTarget "Gutify" */;
			buildPhases = (
				FB55A6852C83195A00ACDEDA /* Sources */,
				FB55A6862C83195A00ACDEDA /* Frameworks */,
				FB55A6872C83195A00ACDEDA /* Resources */,
			);
			buildRules = (
			);
			dependencies = (
			);
			name = Gutify;
			packageProductDependencies = (
				FB55A7372C83392100ACDEDA /* KeychainSwift */,
			);
			productName = Gutify;
			productReference = FB55A6892C83195A00ACDEDA /* Gutify.app */;
			productType = "com.apple.product-type.application";
		};
		FB55A69D2C83195C00ACDEDA /* GutifyTests */ = {
			isa = PBXNativeTarget;
			buildConfigurationList = FB55A6B52C83195C00ACDEDA /* Build configuration list for PBXNativeTarget "GutifyTests" */;
			buildPhases = (
				FB55A69A2C83195C00ACDEDA /* Sources */,
				FB55A69B2C83195C00ACDEDA /* Frameworks */,
				FB55A69C2C83195C00ACDEDA /* Resources */,
			);
			buildRules = (
			);
			dependencies = (
				FB55A6A02C83195C00ACDEDA /* PBXTargetDependency */,
			);
			name = GutifyTests;
			productName = GutifyTests;
			productReference = FB55A69E2C83195C00ACDEDA /* GutifyTests.xctest */;
			productType = "com.apple.product-type.bundle.unit-test";
		};
		FB55A6A72C83195C00ACDEDA /* GutifyUITests */ = {
			isa = PBXNativeTarget;
			buildConfigurationList = FB55A6B82C83195C00ACDEDA /* Build configuration list for PBXNativeTarget "GutifyUITests" */;
			buildPhases = (
				FB55A6A42C83195C00ACDEDA /* Sources */,
				FB55A6A52C83195C00ACDEDA /* Frameworks */,
				FB55A6A62C83195C00ACDEDA /* Resources */,
			);
			buildRules = (
			);
			dependencies = (
				FB55A6AA2C83195C00ACDEDA /* PBXTargetDependency */,
			);
			name = GutifyUITests;
			productName = GutifyUITests;
			productReference = FB55A6A82C83195C00ACDEDA /* GutifyUITests.xctest */;
			productType = "com.apple.product-type.bundle.ui-testing";
		};
/* End PBXNativeTarget section */

/* Begin PBXProject section */
		FB55A6812C83195A00ACDEDA /* Project object */ = {
			isa = PBXProject;
			attributes = {
				BuildIndependentTargetsInParallel = 1;
				LastSwiftUpdateCheck = 1520;
				LastUpgradeCheck = 1520;
				TargetAttributes = {
					FB55A6882C83195A00ACDEDA = {
						CreatedOnToolsVersion = 15.2;
					};
					FB55A69D2C83195C00ACDEDA = {
						CreatedOnToolsVersion = 15.2;
						TestTargetID = FB55A6882C83195A00ACDEDA;
					};
					FB55A6A72C83195C00ACDEDA = {
						CreatedOnToolsVersion = 15.2;
						TestTargetID = FB55A6882C83195A00ACDEDA;
					};
				};
			};
			buildConfigurationList = FB55A6842C83195A00ACDEDA /* Build configuration list for PBXProject "Gutify" */;
			compatibilityVersion = "Xcode 14.0";
			developmentRegion = en;
			hasScannedForEncodings = 0;
			knownRegions = (
				en,
				Base,
			);
			mainGroup = FB55A6802C83195A00ACDEDA;
			packageReferences = (
				FB55A7362C83392100ACDEDA /* XCRemoteSwiftPackageReference "keychain-swift" */,
			);
			productRefGroup = FB55A68A2C83195A00ACDEDA /* Products */;
			projectDirPath = "";
			projectRoot = "";
			targets = (
				FB55A6882C83195A00ACDEDA /* Gutify */,
				FB55A69D2C83195C00ACDEDA /* GutifyTests */,
				FB55A6A72C83195C00ACDEDA /* GutifyUITests */,
			);
		};
/* End PBXProject section */

/* Begin PBXResourcesBuildPhase section */
		FB55A6872C83195A00ACDEDA /* Resources */ = {
			isa = PBXResourcesBuildPhase;
			buildActionMask = 2147483647;
			files = (
				FB55A6942C83195B00ACDEDA /* Preview Assets.xcassets in Resources */,
				FB55A6912C83195B00ACDEDA /* Assets.xcassets in Resources */,
				FB55A75E2C84A42300ACDEDA /* Localizable.xcstrings in Resources */,
			);
			runOnlyForDeploymentPostprocessing = 0;
		};
		FB55A69C2C83195C00ACDEDA /* Resources */ = {
			isa = PBXResourcesBuildPhase;
			buildActionMask = 2147483647;
			files = (
			);
			runOnlyForDeploymentPostprocessing = 0;
		};
		FB55A6A62C83195C00ACDEDA /* Resources */ = {
			isa = PBXResourcesBuildPhase;
			buildActionMask = 2147483647;
			files = (
			);
			runOnlyForDeploymentPostprocessing = 0;
		};
/* End PBXResourcesBuildPhase section */

/* Begin PBXSourcesBuildPhase section */
		FB55A6852C83195A00ACDEDA /* Sources */ = {
			isa = PBXSourcesBuildPhase;
			buildActionMask = 2147483647;
			files = (
				FB55A7462C83538500ACDEDA /* LoginDomainAssembler.swift in Sources */,
				FB55A7222C83334B00ACDEDA /* OpenISO8601DateFormatter.swift in Sources */,
				FBA7F6EC2C872D8500FD4368 /* GetProfileUseCase.swift in Sources */,
				FBA7F6F52C872E0300FD4368 /* ProfileViewModel.swift in Sources */,
				FBA7F6FB2C89B06800FD4368 /* View+Utils.swift in Sources */,
				FB55A76D2C84BF0200ACDEDA /* ImageObjectDTO.swift in Sources */,
				FB55A71B2C83334B00ACDEDA /* APIHelper.swift in Sources */,
				FB55A7742C84C01C00ACDEDA /* SimplifiedAlbumObjectDTO.swift in Sources */,
				FB55A7812C84C3F800ACDEDA /* Album.swift in Sources */,
				FB55A7832C84C5E100ACDEDA /* TrackMapper.swift in Sources */,
				FBA7F6F32C872DF700FD4368 /* ProfileAssembler.swift in Sources */,
				FB9FF1362C85D3E700D37985 /* PagingPlaylistObjectDTO.swift in Sources */,
				FB9FF1432C85E62700D37985 /* GetLibraryUseCase.swift in Sources */,
				FB55A6EB2C831ADE00ACDEDA /* Driver.swift in Sources */,
				FB55A7892C84C91A00ACDEDA /* GetUserTopTracksUseCase.swift in Sources */,
				FB9FF1392C85D3E700D37985 /* SavedAlbumObjectDTO.swift in Sources */,
				FB55A6962C83195B00ACDEDA /* Persistence.swift in Sources */,
				FB55A6EF2C831ADE00ACDEDA /* NavigationCoordinator.swift in Sources */,
				FB55A71E2C83334B00ACDEDA /* SynchronizedDictionary.swift in Sources */,
				FB9FF1412C85D54100D37985 /* PlaylistMapper.swift in Sources */,
				FB55A7422C8347E600ACDEDA /* TokenMapper.swift in Sources */,
				FB55A7402C8347AC00ACDEDA /* Token.swift in Sources */,
				FB9FF13F2C85D4F200D37985 /* Playlist.swift in Sources */,
				FB9FF13D2C85D3E700D37985 /* InlineResponse20011DTO.swift in Sources */,
				FB55A7582C8481B200ACDEDA /* TabBarView.swift in Sources */,
				FB9FF13A2C85D3E700D37985 /* SavedTrackObjectDTO.swift in Sources */,
				FBA7F6EA2C872D6300FD4368 /* ProfileDataAssembler.swift in Sources */,
				FB55A6FA2C8327E600ACDEDA /* PKCECodes.swift in Sources */,
				FB9FF1252C85C4BB00D37985 /* LibraryView.swift in Sources */,
				FBA7F6E42C872AEB00FD4368 /* Profile.swift in Sources */,
				FB55A77B2C84C16E00ACDEDA /* MusicRepository.swift in Sources */,
				FB55A74C2C836FF400ACDEDA /* GetUserAuthorizationUseCase.swift in Sources */,
				FB55A7602C84A7C000ACDEDA /* MusicAPI.swift in Sources */,
				FB55A7532C8465E400ACDEDA /* GetTokenUseCase.swift in Sources */,
				FB55A7702C84BF0200ACDEDA /* FollowersObjectDTO.swift in Sources */,
				FBA7F6E62C872BF300FD4368 /* ProfileMapper.swift in Sources */,
				FB55A74E2C83726400ACDEDA /* UserAuthorization.swift in Sources */,
				FB55A75C2C84936D00ACDEDA /* LoaderView.swift in Sources */,
				FB55A6E42C831ADE00ACDEDA /* SplashView.swift in Sources */,
				FB55A7212C83334B00ACDEDA /* Configuration.swift in Sources */,
				FB55A6E22C831ADE00ACDEDA /* HomeAssembler.swift in Sources */,
				FB55A6992C83195B00ACDEDA /* Gutify.xcdatamodeld in Sources */,
				FB9FF13C2C85D3E700D37985 /* PagingSavedTrackObjectDTO.swift in Sources */,
				FB55A77F2C84C23E00ACDEDA /* Artist.swift in Sources */,
				FB55A72B2C83342D00ACDEDA /* GutifyConstants.swift in Sources */,
				FB55A71F2C83334B00ACDEDA /* JSONDataEncoding.swift in Sources */,
				FB55A7202C83334B00ACDEDA /* URLSessionImplementations.swift in Sources */,
				FB9FF11A2C85AD4E00D37985 /* GetUserTopArtistsUseCase.swift in Sources */,
				FB55A73A2C83398C00ACDEDA /* LoginRepository.swift in Sources */,
				FB55A6F62C831DEA00ACDEDA /* UseCase.swift in Sources */,
				FB55A6EA2C831ADE00ACDEDA /* ErrorTracker.swift in Sources */,
				FB55A76C2C84BF0200ACDEDA /* ArtistObjectDTO.swift in Sources */,
				FB9FF11E2C85C0B800D37985 /* PagingSimplifiedAlbumObjectDTO.swift in Sources */,
				FB55A77D2C84C1C500ACDEDA /* Track.swift in Sources */,
				FB55A7192C83334B00ACDEDA /* APIs.swift in Sources */,
				FB55A6EC2C831ADE00ACDEDA /* ActivityTracker.swift in Sources */,
				FB9FF1342C85D3E700D37985 /* CursorPagingSimplifiedArtistObjectDTO.swift in Sources */,
				FB55A6E92C831ADE00ACDEDA /* CancelBag.swift in Sources */,
				FB9FF1272C85C4C500D37985 /* LibraryViewModel.swift in Sources */,
				FB55A73C2C83460C00ACDEDA /* RefreshTokenResponseDTO.swift in Sources */,
				FB9FF1372C85D3E700D37985 /* PagingSavedAlbumObjectDTO.swift in Sources */,
				FB9FF1382C85D3E700D37985 /* PlaylistTracksRefObjectDTO.swift in Sources */,
				FBA7F6D92C8729EF00FD4368 /* UsersAPI.swift in Sources */,
				FB55A6E32C831ADE00ACDEDA /* SplashViewModel.swift in Sources */,
				FB55A7852C84C61F00ACDEDA /* ArtistMapper.swift in Sources */,
				FBA7F6F12C872DEC00FD4368 /* ProfileView.swift in Sources */,
				FB9FF13B2C85D3E700D37985 /* SimplifiedPlaylistObjectDTO.swift in Sources */,
				FB55A71A2C83334B00ACDEDA /* CodableHelper.swift in Sources */,
				FB55A78D2C84C97700ACDEDA /* MusicDomainAssembler.swift in Sources */,
				FB55A76F2C84BF0200ACDEDA /* TrackObjectDTO.swift in Sources */,
				FB9FF1292C85CBA900D37985 /* Searchable.swift in Sources */,
				FB55A6F02C831ADE00ACDEDA /* Route.swift in Sources */,
				FB9FF1232C85C4B400D37985 /* LibraryAssembler.swift in Sources */,
				FB55A7872C84C6D300ACDEDA /* AlbumMapper.swift in Sources */,
				FB55A6ED2C831ADE00ACDEDA /* Observable.swift in Sources */,
				FB55A6DF2C831ADE00ACDEDA /* BaseAppApp.swift in Sources */,
				FBA7F6F72C873A9B00FD4368 /* RemoveTokenUseCase.swift in Sources */,
				FB55A7732C84C01C00ACDEDA /* SimplifiedArtistObjectDTO.swift in Sources */,
				FB55A6EE2C831ADE00ACDEDA /* RootView.swift in Sources */,
				FB9FF1182C85AD0700D37985 /* PagingArtistObjectDTO.swift in Sources */,
				FB55A6F12C831ADE00ACDEDA /* BaseViewModel.swift in Sources */,
				FB55A6E12C831ADE00ACDEDA /* HomeView.swift in Sources */,
				FB55A6F32C831ADE00ACDEDA /* BaseView.swift in Sources */,
				FB55A71D2C83334B00ACDEDA /* Extensions.swift in Sources */,
				FB55A7352C83383900ACDEDA /* BaseRepository.swift in Sources */,
				FB55A6F22C831ADE00ACDEDA /* BaseMapper.swift in Sources */,
				FB55A78B2C84C93100ACDEDA /* MusicDataAssembler.swift in Sources */,
				FB55A74A2C83550E00ACDEDA /* CheckLogedUserUseCase.swift in Sources */,
				FB55A7242C83335E00ACDEDA /* JSONEncodingHelper.swift in Sources */,
				FB55A7262C8333B000ACDEDA /* NetworkLogger.swift in Sources */,
				FB9FF1452C86FEE700D37985 /* CustomAsyncImage.swift in Sources */,
				FB55A7512C83799A00ACDEDA /* WebView.swift in Sources */,
				FB55A75A2C84875000ACDEDA /* TabBarAssembler.swift in Sources */,
				FB55A71C2C83334B00ACDEDA /* Models.swift in Sources */,
				FB9FF1202C85C13F00D37985 /* GetNewReleasesUseCase.swift in Sources */,
				FBA7F6DE2C872A8200FD4368 /* PrivateUserObjectDTO.swift in Sources */,
				FB55A7482C8354D700ACDEDA /* LoginDataAssembler.swift in Sources */,
				FB55A76E2C84BF0200ACDEDA /* PagingTrackObjectDTO.swift in Sources */,
				FB55A6E52C831ADE00ACDEDA /* SplashAssembler.swift in Sources */,
				FBA7F6EE2C872DAC00FD4368 /* ProfileDomainAssembler.swift in Sources */,
				FB55A7292C8333EE00ACDEDA /* AuthAPI.swift in Sources */,
				FB55A6E02C831ADE00ACDEDA /* HomeViewModel.swift in Sources */,
				FB9FF1352C85D3E700D37985 /* AlbumObjectDTO.swift in Sources */,
				FBA7F6E82C872CF400FD4368 /* ProfileRepository.swift in Sources */,
				FB9FF11C2C85C09F00D37985 /* InlineResponse20010DTO.swift in Sources */,
			);
			runOnlyForDeploymentPostprocessing = 0;
		};
		FB55A69A2C83195C00ACDEDA /* Sources */ = {
			isa = PBXSourcesBuildPhase;
			buildActionMask = 2147483647;
			files = (
				FB55A6A32C83195C00ACDEDA /* GutifyTests.swift in Sources */,
			);
			runOnlyForDeploymentPostprocessing = 0;
		};
		FB55A6A42C83195C00ACDEDA /* Sources */ = {
			isa = PBXSourcesBuildPhase;
			buildActionMask = 2147483647;
			files = (
				FB55A6AF2C83195C00ACDEDA /* GutifyUITestsLaunchTests.swift in Sources */,
				FB55A6AD2C83195C00ACDEDA /* GutifyUITests.swift in Sources */,
			);
			runOnlyForDeploymentPostprocessing = 0;
		};
/* End PBXSourcesBuildPhase section */

/* Begin PBXTargetDependency section */
		FB55A6A02C83195C00ACDEDA /* PBXTargetDependency */ = {
			isa = PBXTargetDependency;
			target = FB55A6882C83195A00ACDEDA /* Gutify */;
			targetProxy = FB55A69F2C83195C00ACDEDA /* PBXContainerItemProxy */;
		};
		FB55A6AA2C83195C00ACDEDA /* PBXTargetDependency */ = {
			isa = PBXTargetDependency;
			target = FB55A6882C83195A00ACDEDA /* Gutify */;
			targetProxy = FB55A6A92C83195C00ACDEDA /* PBXContainerItemProxy */;
		};
/* End PBXTargetDependency section */

/* Begin XCBuildConfiguration section */
		FB55A6B02C83195C00ACDEDA /* Debug */ = {
			isa = XCBuildConfiguration;
			buildSettings = {
				ALWAYS_SEARCH_USER_PATHS = NO;
				ASSETCATALOG_COMPILER_GENERATE_SWIFT_ASSET_SYMBOL_EXTENSIONS = YES;
				CLANG_ANALYZER_NONNULL = YES;
				CLANG_ANALYZER_NUMBER_OBJECT_CONVERSION = YES_AGGRESSIVE;
				CLANG_CXX_LANGUAGE_STANDARD = "gnu++20";
				CLANG_ENABLE_MODULES = YES;
				CLANG_ENABLE_OBJC_ARC = YES;
				CLANG_ENABLE_OBJC_WEAK = YES;
				CLANG_WARN_BLOCK_CAPTURE_AUTORELEASING = YES;
				CLANG_WARN_BOOL_CONVERSION = YES;
				CLANG_WARN_COMMA = YES;
				CLANG_WARN_CONSTANT_CONVERSION = YES;
				CLANG_WARN_DEPRECATED_OBJC_IMPLEMENTATIONS = YES;
				CLANG_WARN_DIRECT_OBJC_ISA_USAGE = YES_ERROR;
				CLANG_WARN_DOCUMENTATION_COMMENTS = YES;
				CLANG_WARN_EMPTY_BODY = YES;
				CLANG_WARN_ENUM_CONVERSION = YES;
				CLANG_WARN_INFINITE_RECURSION = YES;
				CLANG_WARN_INT_CONVERSION = YES;
				CLANG_WARN_NON_LITERAL_NULL_CONVERSION = YES;
				CLANG_WARN_OBJC_IMPLICIT_RETAIN_SELF = YES;
				CLANG_WARN_OBJC_LITERAL_CONVERSION = YES;
				CLANG_WARN_OBJC_ROOT_CLASS = YES_ERROR;
				CLANG_WARN_QUOTED_INCLUDE_IN_FRAMEWORK_HEADER = YES;
				CLANG_WARN_RANGE_LOOP_ANALYSIS = YES;
				CLANG_WARN_STRICT_PROTOTYPES = YES;
				CLANG_WARN_SUSPICIOUS_MOVE = YES;
				CLANG_WARN_UNGUARDED_AVAILABILITY = YES_AGGRESSIVE;
				CLANG_WARN_UNREACHABLE_CODE = YES;
				CLANG_WARN__DUPLICATE_METHOD_MATCH = YES;
				COPY_PHASE_STRIP = NO;
				DEBUG_INFORMATION_FORMAT = dwarf;
				ENABLE_STRICT_OBJC_MSGSEND = YES;
				ENABLE_TESTABILITY = YES;
				ENABLE_USER_SCRIPT_SANDBOXING = YES;
				GCC_C_LANGUAGE_STANDARD = gnu17;
				GCC_DYNAMIC_NO_PIC = NO;
				GCC_NO_COMMON_BLOCKS = YES;
				GCC_OPTIMIZATION_LEVEL = 0;
				GCC_PREPROCESSOR_DEFINITIONS = (
					"DEBUG=1",
					"$(inherited)",
				);
				GCC_WARN_64_TO_32_BIT_CONVERSION = YES;
				GCC_WARN_ABOUT_RETURN_TYPE = YES_ERROR;
				GCC_WARN_UNDECLARED_SELECTOR = YES;
				GCC_WARN_UNINITIALIZED_AUTOS = YES_AGGRESSIVE;
				GCC_WARN_UNUSED_FUNCTION = YES;
				GCC_WARN_UNUSED_VARIABLE = YES;
				IPHONEOS_DEPLOYMENT_TARGET = 17.2;
				LOCALIZATION_PREFERS_STRING_CATALOGS = YES;
				MTL_ENABLE_DEBUG_INFO = INCLUDE_SOURCE;
				MTL_FAST_MATH = YES;
				ONLY_ACTIVE_ARCH = YES;
				SDKROOT = iphoneos;
				SWIFT_ACTIVE_COMPILATION_CONDITIONS = "DEBUG $(inherited)";
				SWIFT_OPTIMIZATION_LEVEL = "-Onone";
			};
			name = Debug;
		};
		FB55A6B12C83195C00ACDEDA /* Release */ = {
			isa = XCBuildConfiguration;
			buildSettings = {
				ALWAYS_SEARCH_USER_PATHS = NO;
				ASSETCATALOG_COMPILER_GENERATE_SWIFT_ASSET_SYMBOL_EXTENSIONS = YES;
				CLANG_ANALYZER_NONNULL = YES;
				CLANG_ANALYZER_NUMBER_OBJECT_CONVERSION = YES_AGGRESSIVE;
				CLANG_CXX_LANGUAGE_STANDARD = "gnu++20";
				CLANG_ENABLE_MODULES = YES;
				CLANG_ENABLE_OBJC_ARC = YES;
				CLANG_ENABLE_OBJC_WEAK = YES;
				CLANG_WARN_BLOCK_CAPTURE_AUTORELEASING = YES;
				CLANG_WARN_BOOL_CONVERSION = YES;
				CLANG_WARN_COMMA = YES;
				CLANG_WARN_CONSTANT_CONVERSION = YES;
				CLANG_WARN_DEPRECATED_OBJC_IMPLEMENTATIONS = YES;
				CLANG_WARN_DIRECT_OBJC_ISA_USAGE = YES_ERROR;
				CLANG_WARN_DOCUMENTATION_COMMENTS = YES;
				CLANG_WARN_EMPTY_BODY = YES;
				CLANG_WARN_ENUM_CONVERSION = YES;
				CLANG_WARN_INFINITE_RECURSION = YES;
				CLANG_WARN_INT_CONVERSION = YES;
				CLANG_WARN_NON_LITERAL_NULL_CONVERSION = YES;
				CLANG_WARN_OBJC_IMPLICIT_RETAIN_SELF = YES;
				CLANG_WARN_OBJC_LITERAL_CONVERSION = YES;
				CLANG_WARN_OBJC_ROOT_CLASS = YES_ERROR;
				CLANG_WARN_QUOTED_INCLUDE_IN_FRAMEWORK_HEADER = YES;
				CLANG_WARN_RANGE_LOOP_ANALYSIS = YES;
				CLANG_WARN_STRICT_PROTOTYPES = YES;
				CLANG_WARN_SUSPICIOUS_MOVE = YES;
				CLANG_WARN_UNGUARDED_AVAILABILITY = YES_AGGRESSIVE;
				CLANG_WARN_UNREACHABLE_CODE = YES;
				CLANG_WARN__DUPLICATE_METHOD_MATCH = YES;
				COPY_PHASE_STRIP = NO;
				DEBUG_INFORMATION_FORMAT = "dwarf-with-dsym";
				ENABLE_NS_ASSERTIONS = NO;
				ENABLE_STRICT_OBJC_MSGSEND = YES;
				ENABLE_USER_SCRIPT_SANDBOXING = YES;
				GCC_C_LANGUAGE_STANDARD = gnu17;
				GCC_NO_COMMON_BLOCKS = YES;
				GCC_WARN_64_TO_32_BIT_CONVERSION = YES;
				GCC_WARN_ABOUT_RETURN_TYPE = YES_ERROR;
				GCC_WARN_UNDECLARED_SELECTOR = YES;
				GCC_WARN_UNINITIALIZED_AUTOS = YES_AGGRESSIVE;
				GCC_WARN_UNUSED_FUNCTION = YES;
				GCC_WARN_UNUSED_VARIABLE = YES;
				IPHONEOS_DEPLOYMENT_TARGET = 17.2;
				LOCALIZATION_PREFERS_STRING_CATALOGS = YES;
				MTL_ENABLE_DEBUG_INFO = NO;
				MTL_FAST_MATH = YES;
				SDKROOT = iphoneos;
				SWIFT_COMPILATION_MODE = wholemodule;
				VALIDATE_PRODUCT = YES;
			};
			name = Release;
		};
		FB55A6B32C83195C00ACDEDA /* Debug */ = {
			isa = XCBuildConfiguration;
			buildSettings = {
				ASSETCATALOG_COMPILER_APPICON_NAME = AppIcon;
				ASSETCATALOG_COMPILER_GLOBAL_ACCENT_COLOR_NAME = AccentColor;
				CODE_SIGN_STYLE = Automatic;
				CURRENT_PROJECT_VERSION = 1;
				DEVELOPMENT_ASSET_PATHS = "\"Gutify/Preview Content\"";
				DEVELOPMENT_TEAM = YN848LMC8L;
				ENABLE_PREVIEWS = YES;
				GENERATE_INFOPLIST_FILE = YES;
				INFOPLIST_FILE = Gutify/Info.plist;
				INFOPLIST_KEY_UIApplicationSceneManifest_Generation = YES;
				INFOPLIST_KEY_UIApplicationSupportsIndirectInputEvents = YES;
				INFOPLIST_KEY_UILaunchScreen_Generation = YES;
				INFOPLIST_KEY_UISupportedInterfaceOrientations_iPad = "UIInterfaceOrientationPortrait UIInterfaceOrientationPortraitUpsideDown UIInterfaceOrientationLandscapeLeft UIInterfaceOrientationLandscapeRight";
				INFOPLIST_KEY_UISupportedInterfaceOrientations_iPhone = "UIInterfaceOrientationPortrait UIInterfaceOrientationLandscapeLeft UIInterfaceOrientationLandscapeRight";
				LD_RUNPATH_SEARCH_PATHS = (
					"$(inherited)",
					"@executable_path/Frameworks",
				);
				MARKETING_VERSION = 1.0;
				PRODUCT_BUNDLE_IDENTIFIER = com.pablo.alonso.Gutify;
				PRODUCT_NAME = "$(TARGET_NAME)";
				SWIFT_EMIT_LOC_STRINGS = YES;
				SWIFT_VERSION = 5.0;
				TARGETED_DEVICE_FAMILY = "1,2";
			};
			name = Debug;
		};
		FB55A6B42C83195C00ACDEDA /* Release */ = {
			isa = XCBuildConfiguration;
			buildSettings = {
				ASSETCATALOG_COMPILER_APPICON_NAME = AppIcon;
				ASSETCATALOG_COMPILER_GLOBAL_ACCENT_COLOR_NAME = AccentColor;
				CODE_SIGN_STYLE = Automatic;
				CURRENT_PROJECT_VERSION = 1;
				DEVELOPMENT_ASSET_PATHS = "\"Gutify/Preview Content\"";
				DEVELOPMENT_TEAM = YN848LMC8L;
				ENABLE_PREVIEWS = YES;
				GENERATE_INFOPLIST_FILE = YES;
				INFOPLIST_FILE = Gutify/Info.plist;
				INFOPLIST_KEY_UIApplicationSceneManifest_Generation = YES;
				INFOPLIST_KEY_UIApplicationSupportsIndirectInputEvents = YES;
				INFOPLIST_KEY_UILaunchScreen_Generation = YES;
				INFOPLIST_KEY_UISupportedInterfaceOrientations_iPad = "UIInterfaceOrientationPortrait UIInterfaceOrientationPortraitUpsideDown UIInterfaceOrientationLandscapeLeft UIInterfaceOrientationLandscapeRight";
				INFOPLIST_KEY_UISupportedInterfaceOrientations_iPhone = "UIInterfaceOrientationPortrait UIInterfaceOrientationLandscapeLeft UIInterfaceOrientationLandscapeRight";
				LD_RUNPATH_SEARCH_PATHS = (
					"$(inherited)",
					"@executable_path/Frameworks",
				);
				MARKETING_VERSION = 1.0;
				PRODUCT_BUNDLE_IDENTIFIER = com.pablo.alonso.Gutify;
				PRODUCT_NAME = "$(TARGET_NAME)";
				SWIFT_EMIT_LOC_STRINGS = YES;
				SWIFT_VERSION = 5.0;
				TARGETED_DEVICE_FAMILY = "1,2";
			};
			name = Release;
		};
		FB55A6B62C83195C00ACDEDA /* Debug */ = {
			isa = XCBuildConfiguration;
			buildSettings = {
				ALWAYS_EMBED_SWIFT_STANDARD_LIBRARIES = YES;
				BUNDLE_LOADER = "$(TEST_HOST)";
				CODE_SIGN_STYLE = Automatic;
				CURRENT_PROJECT_VERSION = 1;
				DEVELOPMENT_TEAM = YN848LMC8L;
				GENERATE_INFOPLIST_FILE = YES;
				IPHONEOS_DEPLOYMENT_TARGET = 17.2;
				MARKETING_VERSION = 1.0;
				PRODUCT_BUNDLE_IDENTIFIER = com.pablo.alonso.GutifyTests;
				PRODUCT_NAME = "$(TARGET_NAME)";
				SWIFT_EMIT_LOC_STRINGS = NO;
				SWIFT_VERSION = 5.0;
				TARGETED_DEVICE_FAMILY = "1,2";
				TEST_HOST = "$(BUILT_PRODUCTS_DIR)/Gutify.app/$(BUNDLE_EXECUTABLE_FOLDER_PATH)/Gutify";
			};
			name = Debug;
		};
		FB55A6B72C83195C00ACDEDA /* Release */ = {
			isa = XCBuildConfiguration;
			buildSettings = {
				ALWAYS_EMBED_SWIFT_STANDARD_LIBRARIES = YES;
				BUNDLE_LOADER = "$(TEST_HOST)";
				CODE_SIGN_STYLE = Automatic;
				CURRENT_PROJECT_VERSION = 1;
				DEVELOPMENT_TEAM = YN848LMC8L;
				GENERATE_INFOPLIST_FILE = YES;
				IPHONEOS_DEPLOYMENT_TARGET = 17.2;
				MARKETING_VERSION = 1.0;
				PRODUCT_BUNDLE_IDENTIFIER = com.pablo.alonso.GutifyTests;
				PRODUCT_NAME = "$(TARGET_NAME)";
				SWIFT_EMIT_LOC_STRINGS = NO;
				SWIFT_VERSION = 5.0;
				TARGETED_DEVICE_FAMILY = "1,2";
				TEST_HOST = "$(BUILT_PRODUCTS_DIR)/Gutify.app/$(BUNDLE_EXECUTABLE_FOLDER_PATH)/Gutify";
			};
			name = Release;
		};
		FB55A6B92C83195C00ACDEDA /* Debug */ = {
			isa = XCBuildConfiguration;
			buildSettings = {
				ALWAYS_EMBED_SWIFT_STANDARD_LIBRARIES = YES;
				CODE_SIGN_STYLE = Automatic;
				CURRENT_PROJECT_VERSION = 1;
				DEVELOPMENT_TEAM = YN848LMC8L;
				GENERATE_INFOPLIST_FILE = YES;
				MARKETING_VERSION = 1.0;
				PRODUCT_BUNDLE_IDENTIFIER = com.pablo.alonso.GutifyUITests;
				PRODUCT_NAME = "$(TARGET_NAME)";
				SWIFT_EMIT_LOC_STRINGS = NO;
				SWIFT_VERSION = 5.0;
				TARGETED_DEVICE_FAMILY = "1,2";
				TEST_TARGET_NAME = Gutify;
			};
			name = Debug;
		};
		FB55A6BA2C83195C00ACDEDA /* Release */ = {
			isa = XCBuildConfiguration;
			buildSettings = {
				ALWAYS_EMBED_SWIFT_STANDARD_LIBRARIES = YES;
				CODE_SIGN_STYLE = Automatic;
				CURRENT_PROJECT_VERSION = 1;
				DEVELOPMENT_TEAM = YN848LMC8L;
				GENERATE_INFOPLIST_FILE = YES;
				MARKETING_VERSION = 1.0;
				PRODUCT_BUNDLE_IDENTIFIER = com.pablo.alonso.GutifyUITests;
				PRODUCT_NAME = "$(TARGET_NAME)";
				SWIFT_EMIT_LOC_STRINGS = NO;
				SWIFT_VERSION = 5.0;
				TARGETED_DEVICE_FAMILY = "1,2";
				TEST_TARGET_NAME = Gutify;
			};
			name = Release;
		};
/* End XCBuildConfiguration section */

/* Begin XCConfigurationList section */
		FB55A6842C83195A00ACDEDA /* Build configuration list for PBXProject "Gutify" */ = {
			isa = XCConfigurationList;
			buildConfigurations = (
				FB55A6B02C83195C00ACDEDA /* Debug */,
				FB55A6B12C83195C00ACDEDA /* Release */,
			);
			defaultConfigurationIsVisible = 0;
			defaultConfigurationName = Release;
		};
		FB55A6B22C83195C00ACDEDA /* Build configuration list for PBXNativeTarget "Gutify" */ = {
			isa = XCConfigurationList;
			buildConfigurations = (
				FB55A6B32C83195C00ACDEDA /* Debug */,
				FB55A6B42C83195C00ACDEDA /* Release */,
			);
			defaultConfigurationIsVisible = 0;
			defaultConfigurationName = Release;
		};
		FB55A6B52C83195C00ACDEDA /* Build configuration list for PBXNativeTarget "GutifyTests" */ = {
			isa = XCConfigurationList;
			buildConfigurations = (
				FB55A6B62C83195C00ACDEDA /* Debug */,
				FB55A6B72C83195C00ACDEDA /* Release */,
			);
			defaultConfigurationIsVisible = 0;
			defaultConfigurationName = Release;
		};
		FB55A6B82C83195C00ACDEDA /* Build configuration list for PBXNativeTarget "GutifyUITests" */ = {
			isa = XCConfigurationList;
			buildConfigurations = (
				FB55A6B92C83195C00ACDEDA /* Debug */,
				FB55A6BA2C83195C00ACDEDA /* Release */,
			);
			defaultConfigurationIsVisible = 0;
			defaultConfigurationName = Release;
		};
/* End XCConfigurationList section */

/* Begin XCRemoteSwiftPackageReference section */
		FB55A7362C83392100ACDEDA /* XCRemoteSwiftPackageReference "keychain-swift" */ = {
			isa = XCRemoteSwiftPackageReference;
			repositoryURL = "https://github.com/evgenyneu/keychain-swift.git";
			requirement = {
				kind = upToNextMajorVersion;
				minimumVersion = 24.0.0;
			};
		};
/* End XCRemoteSwiftPackageReference section */

/* Begin XCSwiftPackageProductDependency section */
		FB55A7372C83392100ACDEDA /* KeychainSwift */ = {
			isa = XCSwiftPackageProductDependency;
			package = FB55A7362C83392100ACDEDA /* XCRemoteSwiftPackageReference "keychain-swift" */;
			productName = KeychainSwift;
		};
/* End XCSwiftPackageProductDependency section */

/* Begin XCVersionGroup section */
		FB55A6972C83195B00ACDEDA /* Gutify.xcdatamodeld */ = {
			isa = XCVersionGroup;
			children = (
				FB55A6982C83195B00ACDEDA /* Gutify.xcdatamodel */,
			);
			currentVersion = FB55A6982C83195B00ACDEDA /* Gutify.xcdatamodel */;
			path = Gutify.xcdatamodeld;
			sourceTree = "<group>";
			versionGroupType = wrapper.xcdatamodel;
		};
/* End XCVersionGroup section */
	};
	rootObject = FB55A6812C83195A00ACDEDA /* Project object */;
}
